// !$*UTF8*$!
{
	archiveVersion = 1;
	classes = {
	};
	objectVersion = 48;
	objects = {

/* Begin PBXBuildFile section */
		14543C0E9B79630FCABEDF65 /* Pods_OneAppiOS.framework in Frameworks */ = {isa = PBXBuildFile; fileRef = 6049C6CD865D81AF1B3A5932 /* Pods_OneAppiOS.framework */; };
		72B2584F4554A1B48FC91CBD /* Pods_OneAppiOSTests.framework in Frameworks */ = {isa = PBXBuildFile; fileRef = C5E9E235F89986AA27ECC00D /* Pods_OneAppiOSTests.framework */; };
		75B162FE657D3431DAD27F8E /* Pods_OneAppiOSUITests.framework in Frameworks */ = {isa = PBXBuildFile; fileRef = E21241FC07E37BC532137608 /* Pods_OneAppiOSUITests.framework */; };
		96025AB32079B92E00F6EFEB /* CountdownViewController.swift in Sources */ = {isa = PBXBuildFile; fileRef = 96025AB22079B92E00F6EFEB /* CountdownViewController.swift */; };
		96025AB62079B94F00F6EFEB /* APIManager+UIKit.swift in Sources */ = {isa = PBXBuildFile; fileRef = 96025AB42079B94F00F6EFEB /* APIManager+UIKit.swift */; };
		96025AB72079B94F00F6EFEB /* APIManager.swift in Sources */ = {isa = PBXBuildFile; fileRef = 96025AB52079B94F00F6EFEB /* APIManager.swift */; };
		96025AB92079B95700F6EFEB /* Extensions.swift in Sources */ = {isa = PBXBuildFile; fileRef = 96025AB82079B95700F6EFEB /* Extensions.swift */; };
		96025ABC2079B9FF00F6EFEB /* CircleView.swift in Sources */ = {isa = PBXBuildFile; fileRef = 96025ABA2079B9FF00F6EFEB /* CircleView.swift */; };
		96025ABD2079B9FF00F6EFEB /* CircularProgressIndicator.swift in Sources */ = {isa = PBXBuildFile; fileRef = 96025ABB2079B9FF00F6EFEB /* CircularProgressIndicator.swift */; };
		96025AC72079BAC000F6EFEB /* Serializable.swift in Sources */ = {isa = PBXBuildFile; fileRef = 96025AC32079BABF00F6EFEB /* Serializable.swift */; };
		96025AC82079BAC000F6EFEB /* CoalescedCallbacks.swift in Sources */ = {isa = PBXBuildFile; fileRef = 96025AC42079BAC000F6EFEB /* CoalescedCallbacks.swift */; };
		96025AC92079BAC000F6EFEB /* MHacksArray.swift in Sources */ = {isa = PBXBuildFile; fileRef = 96025AC52079BAC000F6EFEB /* MHacksArray.swift */; };
		96025ACA2079BAC000F6EFEB /* KeychainWrapper.swift in Sources */ = {isa = PBXBuildFile; fileRef = 96025AC62079BAC000F6EFEB /* KeychainWrapper.swift */; };
		96025AD42079BE3100F6EFEB /* Location.swift in Sources */ = {isa = PBXBuildFile; fileRef = 96025ACC2079BE3100F6EFEB /* Location.swift */; };
		96025AD52079BE3100F6EFEB /* ScanEvent.swift in Sources */ = {isa = PBXBuildFile; fileRef = 96025ACD2079BE3100F6EFEB /* ScanEvent.swift */; };
		96025AD62079BE3100F6EFEB /* EventOrganizer.swift in Sources */ = {isa = PBXBuildFile; fileRef = 96025ACE2079BE3100F6EFEB /* EventOrganizer.swift */; };
		96025AD72079BE3100F6EFEB /* ScannedDataField.swift in Sources */ = {isa = PBXBuildFile; fileRef = 96025ACF2079BE3100F6EFEB /* ScannedDataField.swift */; };
		96025AD82079BE3100F6EFEB /* Event.swift in Sources */ = {isa = PBXBuildFile; fileRef = 96025AD02079BE3100F6EFEB /* Event.swift */; };
		96025AD92079BE3100F6EFEB /* Announcement.swift in Sources */ = {isa = PBXBuildFile; fileRef = 96025AD12079BE3100F6EFEB /* Announcement.swift */; };
		96025ADA2079BE3100F6EFEB /* Configuration.swift in Sources */ = {isa = PBXBuildFile; fileRef = 96025AD22079BE3100F6EFEB /* Configuration.swift */; };
		96025ADB2079BE3100F6EFEB /* Floor.swift in Sources */ = {isa = PBXBuildFile; fileRef = 96025AD32079BE3100F6EFEB /* Floor.swift */; };
		96025ADE2079CC7600F6EFEB /* API.swift in Sources */ = {isa = PBXBuildFile; fileRef = 96025ADD2079CC7600F6EFEB /* API.swift */; };
		966B5C2A2079D8B100472C03 /* MyMLH.swift in Sources */ = {isa = PBXBuildFile; fileRef = 966B5C292079D8B100472C03 /* MyMLH.swift */; };
		966B5C2C207A070800472C03 /* EventsViewController.swift in Sources */ = {isa = PBXBuildFile; fileRef = 966B5C2B207A070800472C03 /* EventsViewController.swift */; };
		966B5C2E207A0A0100472C03 /* TabsViewController.swift in Sources */ = {isa = PBXBuildFile; fileRef = 966B5C2D207A0A0100472C03 /* TabsViewController.swift */; };
		969856081FCE4ACF00A1D84C /* AppDelegate.swift in Sources */ = {isa = PBXBuildFile; fileRef = 969856071FCE4ACF00A1D84C /* AppDelegate.swift */; };
		9698560A1FCE4ACF00A1D84C /* ViewController.swift in Sources */ = {isa = PBXBuildFile; fileRef = 969856091FCE4ACF00A1D84C /* ViewController.swift */; };
		9698560D1FCE4ACF00A1D84C /* Main.storyboard in Resources */ = {isa = PBXBuildFile; fileRef = 9698560B1FCE4ACF00A1D84C /* Main.storyboard */; };
		9698560F1FCE4ACF00A1D84C /* Assets.xcassets in Resources */ = {isa = PBXBuildFile; fileRef = 9698560E1FCE4ACF00A1D84C /* Assets.xcassets */; };
		969856121FCE4ACF00A1D84C /* LaunchScreen.storyboard in Resources */ = {isa = PBXBuildFile; fileRef = 969856101FCE4ACF00A1D84C /* LaunchScreen.storyboard */; };
		9698561D1FCE4ACF00A1D84C /* OneAppiOSTests.swift in Sources */ = {isa = PBXBuildFile; fileRef = 9698561C1FCE4ACF00A1D84C /* OneAppiOSTests.swift */; };
		969856281FCE4ACF00A1D84C /* OneAppiOSUITests.swift in Sources */ = {isa = PBXBuildFile; fileRef = 969856271FCE4ACF00A1D84C /* OneAppiOSUITests.swift */; };
/* End PBXBuildFile section */

/* Begin PBXContainerItemProxy section */
		969856191FCE4ACF00A1D84C /* PBXContainerItemProxy */ = {
			isa = PBXContainerItemProxy;
			containerPortal = 969855FC1FCE4ACF00A1D84C /* Project object */;
			proxyType = 1;
			remoteGlobalIDString = 969856031FCE4ACF00A1D84C;
			remoteInfo = OneAppiOS;
		};
		969856241FCE4ACF00A1D84C /* PBXContainerItemProxy */ = {
			isa = PBXContainerItemProxy;
			containerPortal = 969855FC1FCE4ACF00A1D84C /* Project object */;
			proxyType = 1;
			remoteGlobalIDString = 969856031FCE4ACF00A1D84C;
			remoteInfo = OneAppiOS;
		};
/* End PBXContainerItemProxy section */

/* Begin PBXFileReference section */
		2AF66CC2D71F690238CCBAB0 /* Pods-OneAppiOSUITests.debug.xcconfig */ = {isa = PBXFileReference; includeInIndex = 1; lastKnownFileType = text.xcconfig; name = "Pods-OneAppiOSUITests.debug.xcconfig"; path = "Pods/Target Support Files/Pods-OneAppiOSUITests/Pods-OneAppiOSUITests.debug.xcconfig"; sourceTree = "<group>"; };
		6049C6CD865D81AF1B3A5932 /* Pods_OneAppiOS.framework */ = {isa = PBXFileReference; explicitFileType = wrapper.framework; includeInIndex = 0; path = Pods_OneAppiOS.framework; sourceTree = BUILT_PRODUCTS_DIR; };
		690350A800901775EB9713B9 /* Pods-OneAppiOSUITests.release.xcconfig */ = {isa = PBXFileReference; includeInIndex = 1; lastKnownFileType = text.xcconfig; name = "Pods-OneAppiOSUITests.release.xcconfig"; path = "Pods/Target Support Files/Pods-OneAppiOSUITests/Pods-OneAppiOSUITests.release.xcconfig"; sourceTree = "<group>"; };
		6C55C53064BE374EF84DCB8E /* Pods-OneAppiOSTests.release.xcconfig */ = {isa = PBXFileReference; includeInIndex = 1; lastKnownFileType = text.xcconfig; name = "Pods-OneAppiOSTests.release.xcconfig"; path = "Pods/Target Support Files/Pods-OneAppiOSTests/Pods-OneAppiOSTests.release.xcconfig"; sourceTree = "<group>"; };
		7C989D35A7A2A39ED3445B83 /* Pods-OneAppiOSTests.debug.xcconfig */ = {isa = PBXFileReference; includeInIndex = 1; lastKnownFileType = text.xcconfig; name = "Pods-OneAppiOSTests.debug.xcconfig"; path = "Pods/Target Support Files/Pods-OneAppiOSTests/Pods-OneAppiOSTests.debug.xcconfig"; sourceTree = "<group>"; };
		96025AB22079B92E00F6EFEB /* CountdownViewController.swift */ = {isa = PBXFileReference; fileEncoding = 4; lastKnownFileType = sourcecode.swift; path = CountdownViewController.swift; sourceTree = "<group>"; };
		96025AB42079B94F00F6EFEB /* APIManager+UIKit.swift */ = {isa = PBXFileReference; fileEncoding = 4; lastKnownFileType = sourcecode.swift; path = "APIManager+UIKit.swift"; sourceTree = "<group>"; };
		96025AB52079B94F00F6EFEB /* APIManager.swift */ = {isa = PBXFileReference; fileEncoding = 4; lastKnownFileType = sourcecode.swift; path = APIManager.swift; sourceTree = "<group>"; };
		96025AB82079B95700F6EFEB /* Extensions.swift */ = {isa = PBXFileReference; fileEncoding = 4; lastKnownFileType = sourcecode.swift; path = Extensions.swift; sourceTree = "<group>"; };
		96025ABA2079B9FF00F6EFEB /* CircleView.swift */ = {isa = PBXFileReference; fileEncoding = 4; lastKnownFileType = sourcecode.swift; path = CircleView.swift; sourceTree = "<group>"; };
		96025ABB2079B9FF00F6EFEB /* CircularProgressIndicator.swift */ = {isa = PBXFileReference; fileEncoding = 4; lastKnownFileType = sourcecode.swift; path = CircularProgressIndicator.swift; sourceTree = "<group>"; };
		96025AC32079BABF00F6EFEB /* Serializable.swift */ = {isa = PBXFileReference; fileEncoding = 4; lastKnownFileType = sourcecode.swift; path = Serializable.swift; sourceTree = "<group>"; };
		96025AC42079BAC000F6EFEB /* CoalescedCallbacks.swift */ = {isa = PBXFileReference; fileEncoding = 4; lastKnownFileType = sourcecode.swift; path = CoalescedCallbacks.swift; sourceTree = "<group>"; };
		96025AC52079BAC000F6EFEB /* MHacksArray.swift */ = {isa = PBXFileReference; fileEncoding = 4; lastKnownFileType = sourcecode.swift; path = MHacksArray.swift; sourceTree = "<group>"; };
		96025AC62079BAC000F6EFEB /* KeychainWrapper.swift */ = {isa = PBXFileReference; fileEncoding = 4; lastKnownFileType = sourcecode.swift; path = KeychainWrapper.swift; sourceTree = "<group>"; };
		96025ACC2079BE3100F6EFEB /* Location.swift */ = {isa = PBXFileReference; fileEncoding = 4; lastKnownFileType = sourcecode.swift; path = Location.swift; sourceTree = "<group>"; };
		96025ACD2079BE3100F6EFEB /* ScanEvent.swift */ = {isa = PBXFileReference; fileEncoding = 4; lastKnownFileType = sourcecode.swift; path = ScanEvent.swift; sourceTree = "<group>"; };
		96025ACE2079BE3100F6EFEB /* EventOrganizer.swift */ = {isa = PBXFileReference; fileEncoding = 4; lastKnownFileType = sourcecode.swift; path = EventOrganizer.swift; sourceTree = "<group>"; };
		96025ACF2079BE3100F6EFEB /* ScannedDataField.swift */ = {isa = PBXFileReference; fileEncoding = 4; lastKnownFileType = sourcecode.swift; path = ScannedDataField.swift; sourceTree = "<group>"; };
		96025AD02079BE3100F6EFEB /* Event.swift */ = {isa = PBXFileReference; fileEncoding = 4; lastKnownFileType = sourcecode.swift; path = Event.swift; sourceTree = "<group>"; };
		96025AD12079BE3100F6EFEB /* Announcement.swift */ = {isa = PBXFileReference; fileEncoding = 4; lastKnownFileType = sourcecode.swift; path = Announcement.swift; sourceTree = "<group>"; };
		96025AD22079BE3100F6EFEB /* Configuration.swift */ = {isa = PBXFileReference; fileEncoding = 4; lastKnownFileType = sourcecode.swift; path = Configuration.swift; sourceTree = "<group>"; };
		96025AD32079BE3100F6EFEB /* Floor.swift */ = {isa = PBXFileReference; fileEncoding = 4; lastKnownFileType = sourcecode.swift; path = Floor.swift; sourceTree = "<group>"; };
		96025ADD2079CC7600F6EFEB /* API.swift */ = {isa = PBXFileReference; lastKnownFileType = sourcecode.swift; path = API.swift; sourceTree = "<group>"; };
		966B5C292079D8B100472C03 /* MyMLH.swift */ = {isa = PBXFileReference; lastKnownFileType = sourcecode.swift; path = MyMLH.swift; sourceTree = "<group>"; };
		966B5C2B207A070800472C03 /* EventsViewController.swift */ = {isa = PBXFileReference; lastKnownFileType = sourcecode.swift; path = EventsViewController.swift; sourceTree = "<group>"; };
		966B5C2D207A0A0100472C03 /* TabsViewController.swift */ = {isa = PBXFileReference; lastKnownFileType = sourcecode.swift; path = TabsViewController.swift; sourceTree = "<group>"; };
		969856041FCE4ACF00A1D84C /* OneAppiOS.app */ = {isa = PBXFileReference; explicitFileType = wrapper.application; includeInIndex = 0; path = OneAppiOS.app; sourceTree = BUILT_PRODUCTS_DIR; };
		969856071FCE4ACF00A1D84C /* AppDelegate.swift */ = {isa = PBXFileReference; lastKnownFileType = sourcecode.swift; path = AppDelegate.swift; sourceTree = "<group>"; };
		969856091FCE4ACF00A1D84C /* ViewController.swift */ = {isa = PBXFileReference; lastKnownFileType = sourcecode.swift; path = ViewController.swift; sourceTree = "<group>"; };
		9698560C1FCE4ACF00A1D84C /* Base */ = {isa = PBXFileReference; lastKnownFileType = file.storyboard; name = Base; path = Base.lproj/Main.storyboard; sourceTree = "<group>"; };
		9698560E1FCE4ACF00A1D84C /* Assets.xcassets */ = {isa = PBXFileReference; lastKnownFileType = folder.assetcatalog; path = Assets.xcassets; sourceTree = "<group>"; };
		969856111FCE4ACF00A1D84C /* Base */ = {isa = PBXFileReference; lastKnownFileType = file.storyboard; name = Base; path = Base.lproj/LaunchScreen.storyboard; sourceTree = "<group>"; };
		969856131FCE4ACF00A1D84C /* Info.plist */ = {isa = PBXFileReference; lastKnownFileType = text.plist.xml; path = Info.plist; sourceTree = "<group>"; };
		969856181FCE4ACF00A1D84C /* OneAppiOSTests.xctest */ = {isa = PBXFileReference; explicitFileType = wrapper.cfbundle; includeInIndex = 0; path = OneAppiOSTests.xctest; sourceTree = BUILT_PRODUCTS_DIR; };
		9698561C1FCE4ACF00A1D84C /* OneAppiOSTests.swift */ = {isa = PBXFileReference; lastKnownFileType = sourcecode.swift; path = OneAppiOSTests.swift; sourceTree = "<group>"; };
		9698561E1FCE4ACF00A1D84C /* Info.plist */ = {isa = PBXFileReference; lastKnownFileType = text.plist.xml; path = Info.plist; sourceTree = "<group>"; };
		969856231FCE4ACF00A1D84C /* OneAppiOSUITests.xctest */ = {isa = PBXFileReference; explicitFileType = wrapper.cfbundle; includeInIndex = 0; path = OneAppiOSUITests.xctest; sourceTree = BUILT_PRODUCTS_DIR; };
		969856271FCE4ACF00A1D84C /* OneAppiOSUITests.swift */ = {isa = PBXFileReference; lastKnownFileType = sourcecode.swift; path = OneAppiOSUITests.swift; sourceTree = "<group>"; };
		969856291FCE4ACF00A1D84C /* Info.plist */ = {isa = PBXFileReference; lastKnownFileType = text.plist.xml; path = Info.plist; sourceTree = "<group>"; };
		C5E9E235F89986AA27ECC00D /* Pods_OneAppiOSTests.framework */ = {isa = PBXFileReference; explicitFileType = wrapper.framework; includeInIndex = 0; path = Pods_OneAppiOSTests.framework; sourceTree = BUILT_PRODUCTS_DIR; };
		CA280FED28A368D57098D9CE /* Pods-OneAppiOS.release.xcconfig */ = {isa = PBXFileReference; includeInIndex = 1; lastKnownFileType = text.xcconfig; name = "Pods-OneAppiOS.release.xcconfig"; path = "Pods/Target Support Files/Pods-OneAppiOS/Pods-OneAppiOS.release.xcconfig"; sourceTree = "<group>"; };
		E21241FC07E37BC532137608 /* Pods_OneAppiOSUITests.framework */ = {isa = PBXFileReference; explicitFileType = wrapper.framework; includeInIndex = 0; path = Pods_OneAppiOSUITests.framework; sourceTree = BUILT_PRODUCTS_DIR; };
		ED66E4326E38D1463410FEAC /* Pods-OneAppiOS.debug.xcconfig */ = {isa = PBXFileReference; includeInIndex = 1; lastKnownFileType = text.xcconfig; name = "Pods-OneAppiOS.debug.xcconfig"; path = "Pods/Target Support Files/Pods-OneAppiOS/Pods-OneAppiOS.debug.xcconfig"; sourceTree = "<group>"; };
/* End PBXFileReference section */

/* Begin PBXFrameworksBuildPhase section */
		969856011FCE4ACF00A1D84C /* Frameworks */ = {
			isa = PBXFrameworksBuildPhase;
			buildActionMask = 2147483647;
			files = (
				14543C0E9B79630FCABEDF65 /* Pods_OneAppiOS.framework in Frameworks */,
			);
			runOnlyForDeploymentPostprocessing = 0;
		};
		969856151FCE4ACF00A1D84C /* Frameworks */ = {
			isa = PBXFrameworksBuildPhase;
			buildActionMask = 2147483647;
			files = (
				72B2584F4554A1B48FC91CBD /* Pods_OneAppiOSTests.framework in Frameworks */,
			);
			runOnlyForDeploymentPostprocessing = 0;
		};
		969856201FCE4ACF00A1D84C /* Frameworks */ = {
			isa = PBXFrameworksBuildPhase;
			buildActionMask = 2147483647;
			files = (
				75B162FE657D3431DAD27F8E /* Pods_OneAppiOSUITests.framework in Frameworks */,
			);
			runOnlyForDeploymentPostprocessing = 0;
		};
/* End PBXFrameworksBuildPhase section */

/* Begin PBXGroup section */
		83F47D9114DF15107FCAA8E8 /* Pods */ = {
			isa = PBXGroup;
			children = (
				ED66E4326E38D1463410FEAC /* Pods-OneAppiOS.debug.xcconfig */,
				CA280FED28A368D57098D9CE /* Pods-OneAppiOS.release.xcconfig */,
				7C989D35A7A2A39ED3445B83 /* Pods-OneAppiOSTests.debug.xcconfig */,
				6C55C53064BE374EF84DCB8E /* Pods-OneAppiOSTests.release.xcconfig */,
				2AF66CC2D71F690238CCBAB0 /* Pods-OneAppiOSUITests.debug.xcconfig */,
				690350A800901775EB9713B9 /* Pods-OneAppiOSUITests.release.xcconfig */,
			);
			name = Pods;
			sourceTree = "<group>";
		};
		96025ABE2079BA0900F6EFEB /* Views */ = {
			isa = PBXGroup;
			children = (
				96025ABA2079B9FF00F6EFEB /* CircleView.swift */,
				96025ABB2079B9FF00F6EFEB /* CircularProgressIndicator.swift */,
			);
			path = Views;
			sourceTree = "<group>";
		};
		96025ABF2079BA2400F6EFEB /* Modal */ = {
			isa = PBXGroup;
			children = (
				96025AB52079B94F00F6EFEB /* APIManager.swift */,
				96025AB42079B94F00F6EFEB /* APIManager+UIKit.swift */,
				96025ADD2079CC7600F6EFEB /* API.swift */,
			);
			path = Modal;
			sourceTree = "<group>";
		};
		96025AC02079BA4E00F6EFEB /* Controller */ = {
			isa = PBXGroup;
			children = (
				966B5C2B207A070800472C03 /* EventsViewController.swift */,
				966B5C2D207A0A0100472C03 /* TabsViewController.swift */,
				966B5C292079D8B100472C03 /* MyMLH.swift */,
				969856091FCE4ACF00A1D84C /* ViewController.swift */,
				96025AB22079B92E00F6EFEB /* CountdownViewController.swift */,
			);
			path = Controller;
			sourceTree = "<group>";
		};
		96025ACB2079BACA00F6EFEB /* Modal Internals */ = {
			isa = PBXGroup;
			children = (
				96025ACD2079BE3100F6EFEB /* ScanEvent.swift */,
				96025ACF2079BE3100F6EFEB /* ScannedDataField.swift */,
				96025AC42079BAC000F6EFEB /* CoalescedCallbacks.swift */,
				96025AC62079BAC000F6EFEB /* KeychainWrapper.swift */,
				96025AC52079BAC000F6EFEB /* MHacksArray.swift */,
				96025AC32079BABF00F6EFEB /* Serializable.swift */,
			);
			path = "Modal Internals";
			sourceTree = "<group>";
		};
		96025ADC2079BE4300F6EFEB /* Public Models */ = {
			isa = PBXGroup;
			children = (
				96025AD12079BE3100F6EFEB /* Announcement.swift */,
				96025AD22079BE3100F6EFEB /* Configuration.swift */,
				96025AD02079BE3100F6EFEB /* Event.swift */,
				96025ACE2079BE3100F6EFEB /* EventOrganizer.swift */,
				96025AD32079BE3100F6EFEB /* Floor.swift */,
				96025ACC2079BE3100F6EFEB /* Location.swift */,
			);
			path = "Public Models";
			sourceTree = "<group>";
		};
		969855FB1FCE4ACF00A1D84C = {
			isa = PBXGroup;
			children = (
				969856061FCE4ACF00A1D84C /* OneAppiOS */,
				9698561B1FCE4ACF00A1D84C /* OneAppiOSTests */,
				969856261FCE4ACF00A1D84C /* OneAppiOSUITests */,
				969856051FCE4ACF00A1D84C /* Products */,
				83F47D9114DF15107FCAA8E8 /* Pods */,
				F6C0FE1CAE392AD4F64E7AD7 /* Frameworks */,
			);
			sourceTree = "<group>";
		};
		969856051FCE4ACF00A1D84C /* Products */ = {
			isa = PBXGroup;
			children = (
				969856041FCE4ACF00A1D84C /* OneAppiOS.app */,
				969856181FCE4ACF00A1D84C /* OneAppiOSTests.xctest */,
				969856231FCE4ACF00A1D84C /* OneAppiOSUITests.xctest */,
			);
			name = Products;
			sourceTree = "<group>";
		};
		969856061FCE4ACF00A1D84C /* OneAppiOS */ = {
			isa = PBXGroup;
			children = (
				969856071FCE4ACF00A1D84C /* AppDelegate.swift */,
				96025AB82079B95700F6EFEB /* Extensions.swift */,
				96025ABE2079BA0900F6EFEB /* Views */,
				96025ABF2079BA2400F6EFEB /* Modal */,
				96025AC02079BA4E00F6EFEB /* Controller */,
				96025ADC2079BE4300F6EFEB /* Public Models */,
				96025ACB2079BACA00F6EFEB /* Modal Internals */,
				9698560B1FCE4ACF00A1D84C /* Main.storyboard */,
				9698560E1FCE4ACF00A1D84C /* Assets.xcassets */,
				969856101FCE4ACF00A1D84C /* LaunchScreen.storyboard */,
				969856131FCE4ACF00A1D84C /* Info.plist */,
			);
			path = OneAppiOS;
			sourceTree = "<group>";
		};
		9698561B1FCE4ACF00A1D84C /* OneAppiOSTests */ = {
			isa = PBXGroup;
			children = (
				9698561C1FCE4ACF00A1D84C /* OneAppiOSTests.swift */,
				9698561E1FCE4ACF00A1D84C /* Info.plist */,
			);
			path = OneAppiOSTests;
			sourceTree = "<group>";
		};
		969856261FCE4ACF00A1D84C /* OneAppiOSUITests */ = {
			isa = PBXGroup;
			children = (
				969856271FCE4ACF00A1D84C /* OneAppiOSUITests.swift */,
				969856291FCE4ACF00A1D84C /* Info.plist */,
			);
			path = OneAppiOSUITests;
			sourceTree = "<group>";
		};
		F6C0FE1CAE392AD4F64E7AD7 /* Frameworks */ = {
			isa = PBXGroup;
			children = (
				6049C6CD865D81AF1B3A5932 /* Pods_OneAppiOS.framework */,
				C5E9E235F89986AA27ECC00D /* Pods_OneAppiOSTests.framework */,
				E21241FC07E37BC532137608 /* Pods_OneAppiOSUITests.framework */,
			);
			name = Frameworks;
			sourceTree = "<group>";
		};
/* End PBXGroup section */

/* Begin PBXNativeTarget section */
		969856031FCE4ACF00A1D84C /* OneAppiOS */ = {
			isa = PBXNativeTarget;
			buildConfigurationList = 9698562C1FCE4ACF00A1D84C /* Build configuration list for PBXNativeTarget "OneAppiOS" */;
			buildPhases = (
				A99DCACE3EA5BC9586105B1A /* [CP] Check Pods Manifest.lock */,
				969856001FCE4ACF00A1D84C /* Sources */,
				969856011FCE4ACF00A1D84C /* Frameworks */,
				969856021FCE4ACF00A1D84C /* Resources */,
				3319671C272E8A97DD01A06B /* [CP] Embed Pods Frameworks */,
			);
			buildRules = (
			);
			dependencies = (
			);
			name = OneAppiOS;
			productName = OneAppiOS;
			productReference = 969856041FCE4ACF00A1D84C /* OneAppiOS.app */;
			productType = "com.apple.product-type.application";
		};
		969856171FCE4ACF00A1D84C /* OneAppiOSTests */ = {
			isa = PBXNativeTarget;
			buildConfigurationList = 9698562F1FCE4ACF00A1D84C /* Build configuration list for PBXNativeTarget "OneAppiOSTests" */;
			buildPhases = (
				7587DA693979B0F86B4122AF /* [CP] Check Pods Manifest.lock */,
				969856141FCE4ACF00A1D84C /* Sources */,
				969856151FCE4ACF00A1D84C /* Frameworks */,
				969856161FCE4ACF00A1D84C /* Resources */,
			);
			buildRules = (
			);
			dependencies = (
				9698561A1FCE4ACF00A1D84C /* PBXTargetDependency */,
			);
			name = OneAppiOSTests;
			productName = OneAppiOSTests;
			productReference = 969856181FCE4ACF00A1D84C /* OneAppiOSTests.xctest */;
			productType = "com.apple.product-type.bundle.unit-test";
		};
		969856221FCE4ACF00A1D84C /* OneAppiOSUITests */ = {
			isa = PBXNativeTarget;
			buildConfigurationList = 969856321FCE4ACF00A1D84C /* Build configuration list for PBXNativeTarget "OneAppiOSUITests" */;
			buildPhases = (
				6278160C2522CD0FC5F297A6 /* [CP] Check Pods Manifest.lock */,
				9698561F1FCE4ACF00A1D84C /* Sources */,
				969856201FCE4ACF00A1D84C /* Frameworks */,
				969856211FCE4ACF00A1D84C /* Resources */,
			);
			buildRules = (
			);
			dependencies = (
				969856251FCE4ACF00A1D84C /* PBXTargetDependency */,
			);
			name = OneAppiOSUITests;
			productName = OneAppiOSUITests;
			productReference = 969856231FCE4ACF00A1D84C /* OneAppiOSUITests.xctest */;
			productType = "com.apple.product-type.bundle.ui-testing";
		};
/* End PBXNativeTarget section */

/* Begin PBXProject section */
		969855FC1FCE4ACF00A1D84C /* Project object */ = {
			isa = PBXProject;
			attributes = {
				LastSwiftUpdateCheck = 0910;
				LastUpgradeCheck = 0930;
				ORGANIZATIONNAME = "Qasim Abbas";
				TargetAttributes = {
					969856031FCE4ACF00A1D84C = {
						CreatedOnToolsVersion = 9.1;
						ProvisioningStyle = Automatic;
					};
					969856171FCE4ACF00A1D84C = {
						CreatedOnToolsVersion = 9.1;
						ProvisioningStyle = Automatic;
						TestTargetID = 969856031FCE4ACF00A1D84C;
					};
					969856221FCE4ACF00A1D84C = {
						CreatedOnToolsVersion = 9.1;
						ProvisioningStyle = Automatic;
						TestTargetID = 969856031FCE4ACF00A1D84C;
					};
				};
			};
			buildConfigurationList = 969855FF1FCE4ACF00A1D84C /* Build configuration list for PBXProject "OneAppiOS" */;
			compatibilityVersion = "Xcode 8.0";
			developmentRegion = en;
			hasScannedForEncodings = 0;
			knownRegions = (
				en,
				Base,
			);
			mainGroup = 969855FB1FCE4ACF00A1D84C;
			productRefGroup = 969856051FCE4ACF00A1D84C /* Products */;
			projectDirPath = "";
			projectRoot = "";
			targets = (
				969856031FCE4ACF00A1D84C /* OneAppiOS */,
				969856171FCE4ACF00A1D84C /* OneAppiOSTests */,
				969856221FCE4ACF00A1D84C /* OneAppiOSUITests */,
			);
		};
/* End PBXProject section */

/* Begin PBXResourcesBuildPhase section */
		969856021FCE4ACF00A1D84C /* Resources */ = {
			isa = PBXResourcesBuildPhase;
			buildActionMask = 2147483647;
			files = (
				969856121FCE4ACF00A1D84C /* LaunchScreen.storyboard in Resources */,
				9698560F1FCE4ACF00A1D84C /* Assets.xcassets in Resources */,
				9698560D1FCE4ACF00A1D84C /* Main.storyboard in Resources */,
			);
			runOnlyForDeploymentPostprocessing = 0;
		};
		969856161FCE4ACF00A1D84C /* Resources */ = {
			isa = PBXResourcesBuildPhase;
			buildActionMask = 2147483647;
			files = (
			);
			runOnlyForDeploymentPostprocessing = 0;
		};
		969856211FCE4ACF00A1D84C /* Resources */ = {
			isa = PBXResourcesBuildPhase;
			buildActionMask = 2147483647;
			files = (
			);
			runOnlyForDeploymentPostprocessing = 0;
		};
/* End PBXResourcesBuildPhase section */

/* Begin PBXShellScriptBuildPhase section */
		3319671C272E8A97DD01A06B /* [CP] Embed Pods Frameworks */ = {
			isa = PBXShellScriptBuildPhase;
			buildActionMask = 2147483647;
			files = (
			);
			inputPaths = (
				"${SRCROOT}/Pods/Target Support Files/Pods-OneAppiOS/Pods-OneAppiOS-frameworks.sh",
				"${BUILT_PRODUCTS_DIR}/Alamofire/Alamofire.framework",
				"${BUILT_PRODUCTS_DIR}/MDFInternationalization/MDFInternationalization.framework",
				"${BUILT_PRODUCTS_DIR}/MDFTextAccessibility/MDFTextAccessibility.framework",
				"${BUILT_PRODUCTS_DIR}/MaterialComponents/MaterialComponents.framework",
				"${BUILT_PRODUCTS_DIR}/MotionAnimator/MotionAnimator.framework",
				"${BUILT_PRODUCTS_DIR}/MotionInterchange/MotionInterchange.framework",
				"${BUILT_PRODUCTS_DIR}/MotionTransitioning/MotionTransitioning.framework",
			);
			name = "[CP] Embed Pods Frameworks";
			outputPaths = (
				"${TARGET_BUILD_DIR}/${FRAMEWORKS_FOLDER_PATH}/Alamofire.framework",
				"${TARGET_BUILD_DIR}/${FRAMEWORKS_FOLDER_PATH}/MDFInternationalization.framework",
				"${TARGET_BUILD_DIR}/${FRAMEWORKS_FOLDER_PATH}/MDFTextAccessibility.framework",
				"${TARGET_BUILD_DIR}/${FRAMEWORKS_FOLDER_PATH}/MaterialComponents.framework",
				"${TARGET_BUILD_DIR}/${FRAMEWORKS_FOLDER_PATH}/MotionAnimator.framework",
				"${TARGET_BUILD_DIR}/${FRAMEWORKS_FOLDER_PATH}/MotionInterchange.framework",
				"${TARGET_BUILD_DIR}/${FRAMEWORKS_FOLDER_PATH}/MotionTransitioning.framework",
			);
			runOnlyForDeploymentPostprocessing = 0;
			shellPath = /bin/sh;
			shellScript = "\"${SRCROOT}/Pods/Target Support Files/Pods-OneAppiOS/Pods-OneAppiOS-frameworks.sh\"\n";
			showEnvVarsInLog = 0;
		};
		6278160C2522CD0FC5F297A6 /* [CP] Check Pods Manifest.lock */ = {
			isa = PBXShellScriptBuildPhase;
			buildActionMask = 2147483647;
			files = (
			);
			inputPaths = (
				"${PODS_PODFILE_DIR_PATH}/Podfile.lock",
				"${PODS_ROOT}/Manifest.lock",
			);
			name = "[CP] Check Pods Manifest.lock";
			outputPaths = (
				"$(DERIVED_FILE_DIR)/Pods-OneAppiOSUITests-checkManifestLockResult.txt",
			);
			runOnlyForDeploymentPostprocessing = 0;
			shellPath = /bin/sh;
			shellScript = "diff \"${PODS_PODFILE_DIR_PATH}/Podfile.lock\" \"${PODS_ROOT}/Manifest.lock\" > /dev/null\nif [ $? != 0 ] ; then\n    # print error to STDERR\n    echo \"error: The sandbox is not in sync with the Podfile.lock. Run 'pod install' or update your CocoaPods installation.\" >&2\n    exit 1\nfi\n# This output is used by Xcode 'outputs' to avoid re-running this script phase.\necho \"SUCCESS\" > \"${SCRIPT_OUTPUT_FILE_0}\"\n";
			showEnvVarsInLog = 0;
		};
		7587DA693979B0F86B4122AF /* [CP] Check Pods Manifest.lock */ = {
			isa = PBXShellScriptBuildPhase;
			buildActionMask = 2147483647;
			files = (
			);
			inputPaths = (
				"${PODS_PODFILE_DIR_PATH}/Podfile.lock",
				"${PODS_ROOT}/Manifest.lock",
			);
			name = "[CP] Check Pods Manifest.lock";
			outputPaths = (
				"$(DERIVED_FILE_DIR)/Pods-OneAppiOSTests-checkManifestLockResult.txt",
			);
			runOnlyForDeploymentPostprocessing = 0;
			shellPath = /bin/sh;
			shellScript = "diff \"${PODS_PODFILE_DIR_PATH}/Podfile.lock\" \"${PODS_ROOT}/Manifest.lock\" > /dev/null\nif [ $? != 0 ] ; then\n    # print error to STDERR\n    echo \"error: The sandbox is not in sync with the Podfile.lock. Run 'pod install' or update your CocoaPods installation.\" >&2\n    exit 1\nfi\n# This output is used by Xcode 'outputs' to avoid re-running this script phase.\necho \"SUCCESS\" > \"${SCRIPT_OUTPUT_FILE_0}\"\n";
			showEnvVarsInLog = 0;
		};
		A99DCACE3EA5BC9586105B1A /* [CP] Check Pods Manifest.lock */ = {
			isa = PBXShellScriptBuildPhase;
			buildActionMask = 2147483647;
			files = (
			);
			inputPaths = (
				"${PODS_PODFILE_DIR_PATH}/Podfile.lock",
				"${PODS_ROOT}/Manifest.lock",
			);
			name = "[CP] Check Pods Manifest.lock";
			outputPaths = (
				"$(DERIVED_FILE_DIR)/Pods-OneAppiOS-checkManifestLockResult.txt",
			);
			runOnlyForDeploymentPostprocessing = 0;
			shellPath = /bin/sh;
			shellScript = "diff \"${PODS_PODFILE_DIR_PATH}/Podfile.lock\" \"${PODS_ROOT}/Manifest.lock\" > /dev/null\nif [ $? != 0 ] ; then\n    # print error to STDERR\n    echo \"error: The sandbox is not in sync with the Podfile.lock. Run 'pod install' or update your CocoaPods installation.\" >&2\n    exit 1\nfi\n# This output is used by Xcode 'outputs' to avoid re-running this script phase.\necho \"SUCCESS\" > \"${SCRIPT_OUTPUT_FILE_0}\"\n";
			showEnvVarsInLog = 0;
		};
/* End PBXShellScriptBuildPhase section */

/* Begin PBXSourcesBuildPhase section */
		969856001FCE4ACF00A1D84C /* Sources */ = {
			isa = PBXSourcesBuildPhase;
			buildActionMask = 2147483647;
			files = (
				96025AC82079BAC000F6EFEB /* CoalescedCallbacks.swift in Sources */,
				966B5C2A2079D8B100472C03 /* MyMLH.swift in Sources */,
				96025AB32079B92E00F6EFEB /* CountdownViewController.swift in Sources */,
				96025ABD2079B9FF00F6EFEB /* CircularProgressIndicator.swift in Sources */,
				96025ADA2079BE3100F6EFEB /* Configuration.swift in Sources */,
				96025AB92079B95700F6EFEB /* Extensions.swift in Sources */,
				96025AC72079BAC000F6EFEB /* Serializable.swift in Sources */,
				96025AD62079BE3100F6EFEB /* EventOrganizer.swift in Sources */,
				9698560A1FCE4ACF00A1D84C /* ViewController.swift in Sources */,
				96025AD42079BE3100F6EFEB /* Location.swift in Sources */,
				966B5C2C207A070800472C03 /* EventsViewController.swift in Sources */,
				96025AD82079BE3100F6EFEB /* Event.swift in Sources */,
				96025AC92079BAC000F6EFEB /* MHacksArray.swift in Sources */,
				96025AB72079B94F00F6EFEB /* APIManager.swift in Sources */,
				96025ADB2079BE3100F6EFEB /* Floor.swift in Sources */,
				96025ADE2079CC7600F6EFEB /* API.swift in Sources */,
				969856081FCE4ACF00A1D84C /* AppDelegate.swift in Sources */,
				96025AD92079BE3100F6EFEB /* Announcement.swift in Sources */,
				96025AD72079BE3100F6EFEB /* ScannedDataField.swift in Sources */,
				96025ACA2079BAC000F6EFEB /* KeychainWrapper.swift in Sources */,
				966B5C2E207A0A0100472C03 /* TabsViewController.swift in Sources */,
				96025AD52079BE3100F6EFEB /* ScanEvent.swift in Sources */,
				96025ABC2079B9FF00F6EFEB /* CircleView.swift in Sources */,
				96025AB62079B94F00F6EFEB /* APIManager+UIKit.swift in Sources */,
			);
			runOnlyForDeploymentPostprocessing = 0;
		};
		969856141FCE4ACF00A1D84C /* Sources */ = {
			isa = PBXSourcesBuildPhase;
			buildActionMask = 2147483647;
			files = (
				9698561D1FCE4ACF00A1D84C /* OneAppiOSTests.swift in Sources */,
			);
			runOnlyForDeploymentPostprocessing = 0;
		};
		9698561F1FCE4ACF00A1D84C /* Sources */ = {
			isa = PBXSourcesBuildPhase;
			buildActionMask = 2147483647;
			files = (
				969856281FCE4ACF00A1D84C /* OneAppiOSUITests.swift in Sources */,
			);
			runOnlyForDeploymentPostprocessing = 0;
		};
/* End PBXSourcesBuildPhase section */

/* Begin PBXTargetDependency section */
		9698561A1FCE4ACF00A1D84C /* PBXTargetDependency */ = {
			isa = PBXTargetDependency;
			target = 969856031FCE4ACF00A1D84C /* OneAppiOS */;
			targetProxy = 969856191FCE4ACF00A1D84C /* PBXContainerItemProxy */;
		};
		969856251FCE4ACF00A1D84C /* PBXTargetDependency */ = {
			isa = PBXTargetDependency;
			target = 969856031FCE4ACF00A1D84C /* OneAppiOS */;
			targetProxy = 969856241FCE4ACF00A1D84C /* PBXContainerItemProxy */;
		};
/* End PBXTargetDependency section */

/* Begin PBXVariantGroup section */
		9698560B1FCE4ACF00A1D84C /* Main.storyboard */ = {
			isa = PBXVariantGroup;
			children = (
				9698560C1FCE4ACF00A1D84C /* Base */,
			);
			name = Main.storyboard;
			sourceTree = "<group>";
		};
		969856101FCE4ACF00A1D84C /* LaunchScreen.storyboard */ = {
			isa = PBXVariantGroup;
			children = (
				969856111FCE4ACF00A1D84C /* Base */,
			);
			name = LaunchScreen.storyboard;
			sourceTree = "<group>";
		};
/* End PBXVariantGroup section */

/* Begin XCBuildConfiguration section */
		9698562A1FCE4ACF00A1D84C /* Debug */ = {
			isa = XCBuildConfiguration;
			buildSettings = {
				ALWAYS_SEARCH_USER_PATHS = NO;
				CLANG_ANALYZER_NONNULL = YES;
				CLANG_ANALYZER_NUMBER_OBJECT_CONVERSION = YES_AGGRESSIVE;
				CLANG_CXX_LANGUAGE_STANDARD = "gnu++14";
				CLANG_CXX_LIBRARY = "libc++";
				CLANG_ENABLE_MODULES = YES;
				CLANG_ENABLE_OBJC_ARC = YES;
				CLANG_WARN_BLOCK_CAPTURE_AUTORELEASING = YES;
				CLANG_WARN_BOOL_CONVERSION = YES;
				CLANG_WARN_COMMA = YES;
				CLANG_WARN_CONSTANT_CONVERSION = YES;
				CLANG_WARN_DEPRECATED_OBJC_IMPLEMENTATIONS = YES;
				CLANG_WARN_DIRECT_OBJC_ISA_USAGE = YES_ERROR;
				CLANG_WARN_DOCUMENTATION_COMMENTS = YES;
				CLANG_WARN_EMPTY_BODY = YES;
				CLANG_WARN_ENUM_CONVERSION = YES;
				CLANG_WARN_INFINITE_RECURSION = YES;
				CLANG_WARN_INT_CONVERSION = YES;
				CLANG_WARN_NON_LITERAL_NULL_CONVERSION = YES;
				CLANG_WARN_OBJC_IMPLICIT_RETAIN_SELF = YES;
				CLANG_WARN_OBJC_LITERAL_CONVERSION = YES;
				CLANG_WARN_OBJC_ROOT_CLASS = YES_ERROR;
				CLANG_WARN_RANGE_LOOP_ANALYSIS = YES;
				CLANG_WARN_STRICT_PROTOTYPES = YES;
				CLANG_WARN_SUSPICIOUS_MOVE = YES;
				CLANG_WARN_UNGUARDED_AVAILABILITY = YES_AGGRESSIVE;
				CLANG_WARN_UNREACHABLE_CODE = YES;
				CLANG_WARN__DUPLICATE_METHOD_MATCH = YES;
				CODE_SIGN_IDENTITY = "iPhone Developer";
				COPY_PHASE_STRIP = NO;
				DEBUG_INFORMATION_FORMAT = dwarf;
				ENABLE_STRICT_OBJC_MSGSEND = YES;
				ENABLE_TESTABILITY = YES;
				GCC_C_LANGUAGE_STANDARD = gnu11;
				GCC_DYNAMIC_NO_PIC = NO;
				GCC_NO_COMMON_BLOCKS = YES;
				GCC_OPTIMIZATION_LEVEL = 0;
				GCC_PREPROCESSOR_DEFINITIONS = (
					"DEBUG=1",
					"$(inherited)",
				);
				GCC_WARN_64_TO_32_BIT_CONVERSION = YES;
				GCC_WARN_ABOUT_RETURN_TYPE = YES_ERROR;
				GCC_WARN_UNDECLARED_SELECTOR = YES;
				GCC_WARN_UNINITIALIZED_AUTOS = YES_AGGRESSIVE;
				GCC_WARN_UNUSED_FUNCTION = YES;
				GCC_WARN_UNUSED_VARIABLE = YES;
				IPHONEOS_DEPLOYMENT_TARGET = 11.1;
				MTL_ENABLE_DEBUG_INFO = YES;
				ONLY_ACTIVE_ARCH = YES;
				SDKROOT = iphoneos;
				SWIFT_ACTIVE_COMPILATION_CONDITIONS = DEBUG;
				SWIFT_OPTIMIZATION_LEVEL = "-Onone";
			};
			name = Debug;
		};
		9698562B1FCE4ACF00A1D84C /* Release */ = {
			isa = XCBuildConfiguration;
			buildSettings = {
				ALWAYS_SEARCH_USER_PATHS = NO;
				CLANG_ANALYZER_NONNULL = YES;
				CLANG_ANALYZER_NUMBER_OBJECT_CONVERSION = YES_AGGRESSIVE;
				CLANG_CXX_LANGUAGE_STANDARD = "gnu++14";
				CLANG_CXX_LIBRARY = "libc++";
				CLANG_ENABLE_MODULES = YES;
				CLANG_ENABLE_OBJC_ARC = YES;
				CLANG_WARN_BLOCK_CAPTURE_AUTORELEASING = YES;
				CLANG_WARN_BOOL_CONVERSION = YES;
				CLANG_WARN_COMMA = YES;
				CLANG_WARN_CONSTANT_CONVERSION = YES;
				CLANG_WARN_DEPRECATED_OBJC_IMPLEMENTATIONS = YES;
				CLANG_WARN_DIRECT_OBJC_ISA_USAGE = YES_ERROR;
				CLANG_WARN_DOCUMENTATION_COMMENTS = YES;
				CLANG_WARN_EMPTY_BODY = YES;
				CLANG_WARN_ENUM_CONVERSION = YES;
				CLANG_WARN_INFINITE_RECURSION = YES;
				CLANG_WARN_INT_CONVERSION = YES;
				CLANG_WARN_NON_LITERAL_NULL_CONVERSION = YES;
				CLANG_WARN_OBJC_IMPLICIT_RETAIN_SELF = YES;
				CLANG_WARN_OBJC_LITERAL_CONVERSION = YES;
				CLANG_WARN_OBJC_ROOT_CLASS = YES_ERROR;
				CLANG_WARN_RANGE_LOOP_ANALYSIS = YES;
				CLANG_WARN_STRICT_PROTOTYPES = YES;
				CLANG_WARN_SUSPICIOUS_MOVE = YES;
				CLANG_WARN_UNGUARDED_AVAILABILITY = YES_AGGRESSIVE;
				CLANG_WARN_UNREACHABLE_CODE = YES;
				CLANG_WARN__DUPLICATE_METHOD_MATCH = YES;
				CODE_SIGN_IDENTITY = "iPhone Developer";
				COPY_PHASE_STRIP = NO;
				DEBUG_INFORMATION_FORMAT = "dwarf-with-dsym";
				ENABLE_NS_ASSERTIONS = NO;
				ENABLE_STRICT_OBJC_MSGSEND = YES;
				GCC_C_LANGUAGE_STANDARD = gnu11;
				GCC_NO_COMMON_BLOCKS = YES;
				GCC_WARN_64_TO_32_BIT_CONVERSION = YES;
				GCC_WARN_ABOUT_RETURN_TYPE = YES_ERROR;
				GCC_WARN_UNDECLARED_SELECTOR = YES;
				GCC_WARN_UNINITIALIZED_AUTOS = YES_AGGRESSIVE;
				GCC_WARN_UNUSED_FUNCTION = YES;
				GCC_WARN_UNUSED_VARIABLE = YES;
				IPHONEOS_DEPLOYMENT_TARGET = 11.1;
				MTL_ENABLE_DEBUG_INFO = NO;
				SDKROOT = iphoneos;
				SWIFT_OPTIMIZATION_LEVEL = "-Owholemodule";
				VALIDATE_PRODUCT = YES;
			};
			name = Release;
		};
		9698562D1FCE4ACF00A1D84C /* Debug */ = {
			isa = XCBuildConfiguration;
			baseConfigurationReference = ED66E4326E38D1463410FEAC /* Pods-OneAppiOS.debug.xcconfig */;
			buildSettings = {
				ASSETCATALOG_COMPILER_APPICON_NAME = AppIcon;
				CODE_SIGN_STYLE = Automatic;
				DEVELOPMENT_TEAM = M8DY28XM67;
				INFOPLIST_FILE = OneAppiOS/Info.plist;
				LD_RUNPATH_SEARCH_PATHS = "$(inherited) @executable_path/Frameworks";
				PRODUCT_BUNDLE_IDENTIFIER = QasimAbbas.OneAppiOS;
				PRODUCT_NAME = "$(TARGET_NAME)";
				SWIFT_VERSION = 4.0;
				TARGETED_DEVICE_FAMILY = "1,2";
			};
			name = Debug;
		};
		9698562E1FCE4ACF00A1D84C /* Release */ = {
			isa = XCBuildConfiguration;
			baseConfigurationReference = CA280FED28A368D57098D9CE /* Pods-OneAppiOS.release.xcconfig */;
			buildSettings = {
				ASSETCATALOG_COMPILER_APPICON_NAME = AppIcon;
				CODE_SIGN_STYLE = Automatic;
				DEVELOPMENT_TEAM = M8DY28XM67;
				INFOPLIST_FILE = OneAppiOS/Info.plist;
				LD_RUNPATH_SEARCH_PATHS = "$(inherited) @executable_path/Frameworks";
				PRODUCT_BUNDLE_IDENTIFIER = QasimAbbas.OneAppiOS;
				PRODUCT_NAME = "$(TARGET_NAME)";
				SWIFT_VERSION = 4.0;
				TARGETED_DEVICE_FAMILY = "1,2";
			};
			name = Release;
		};
		969856301FCE4ACF00A1D84C /* Debug */ = {
			isa = XCBuildConfiguration;
			baseConfigurationReference = 7C989D35A7A2A39ED3445B83 /* Pods-OneAppiOSTests.debug.xcconfig */;
			buildSettings = {
				ALWAYS_EMBED_SWIFT_STANDARD_LIBRARIES = YES;
				BUNDLE_LOADER = "$(TEST_HOST)";
				CODE_SIGN_STYLE = Automatic;
				DEVELOPMENT_TEAM = M8DY28XM67;
				INFOPLIST_FILE = OneAppiOSTests/Info.plist;
				LD_RUNPATH_SEARCH_PATHS = "$(inherited) @executable_path/Frameworks @loader_path/Frameworks";
				PRODUCT_BUNDLE_IDENTIFIER = QasimAbbas.OneAppiOSTests;
				PRODUCT_NAME = "$(TARGET_NAME)";
				SWIFT_VERSION = 4.0;
				TARGETED_DEVICE_FAMILY = "1,2";
				TEST_HOST = "$(BUILT_PRODUCTS_DIR)/OneAppiOS.app/OneAppiOS";
			};
			name = Debug;
		};
		969856311FCE4ACF00A1D84C /* Release */ = {
			isa = XCBuildConfiguration;
			baseConfigurationReference = 6C55C53064BE374EF84DCB8E /* Pods-OneAppiOSTests.release.xcconfig */;
			buildSettings = {
				ALWAYS_EMBED_SWIFT_STANDARD_LIBRARIES = YES;
				BUNDLE_LOADER = "$(TEST_HOST)";
				CODE_SIGN_STYLE = Automatic;
				DEVELOPMENT_TEAM = M8DY28XM67;
				INFOPLIST_FILE = OneAppiOSTests/Info.plist;
				LD_RUNPATH_SEARCH_PATHS = "$(inherited) @executable_path/Frameworks @loader_path/Frameworks";
				PRODUCT_BUNDLE_IDENTIFIER = QasimAbbas.OneAppiOSTests;
				PRODUCT_NAME = "$(TARGET_NAME)";
				SWIFT_VERSION = 4.0;
				TARGETED_DEVICE_FAMILY = "1,2";
				TEST_HOST = "$(BUILT_PRODUCTS_DIR)/OneAppiOS.app/OneAppiOS";
			};
			name = Release;
		};
		969856331FCE4ACF00A1D84C /* Debug */ = {
			isa = XCBuildConfiguration;
			baseConfigurationReference = 2AF66CC2D71F690238CCBAB0 /* Pods-OneAppiOSUITests.debug.xcconfig */;
			buildSettings = {
				ALWAYS_EMBED_SWIFT_STANDARD_LIBRARIES = YES;
				CODE_SIGN_STYLE = Automatic;
				DEVELOPMENT_TEAM = M8DY28XM67;
				INFOPLIST_FILE = OneAppiOSUITests/Info.plist;
				LD_RUNPATH_SEARCH_PATHS = "$(inherited) @executable_path/Frameworks @loader_path/Frameworks";
				PRODUCT_BUNDLE_IDENTIFIER = QasimAbbas.OneAppiOSUITests;
				PRODUCT_NAME = "$(TARGET_NAME)";
				SWIFT_VERSION = 4.0;
				TARGETED_DEVICE_FAMILY = "1,2";
				TEST_TARGET_NAME = OneAppiOS;
			};
			name = Debug;
		};
		969856341FCE4ACF00A1D84C /* Release */ = {
			isa = XCBuildConfiguration;
			baseConfigurationReference = 690350A800901775EB9713B9 /* Pods-OneAppiOSUITests.release.xcconfig */;
			buildSettings = {
				ALWAYS_EMBED_SWIFT_STANDARD_LIBRARIES = YES;
				CODE_SIGN_STYLE = Automatic;
				DEVELOPMENT_TEAM = M8DY28XM67;
				INFOPLIST_FILE = OneAppiOSUITests/Info.plist;
				LD_RUNPATH_SEARCH_PATHS = "$(inherited) @executable_path/Frameworks @loader_path/Frameworks";
				PRODUCT_BUNDLE_IDENTIFIER = QasimAbbas.OneAppiOSUITests;
				PRODUCT_NAME = "$(TARGET_NAME)";
				SWIFT_VERSION = 4.0;
				TARGETED_DEVICE_FAMILY = "1,2";
				TEST_TARGET_NAME = OneAppiOS;
			};
			name = Release;
		};
/* End XCBuildConfiguration section */

/* Begin XCConfigurationList section */
		969855FF1FCE4ACF00A1D84C /* Build configuration list for PBXProject "OneAppiOS" */ = {
			isa = XCConfigurationList;
			buildConfigurations = (
				9698562A1FCE4ACF00A1D84C /* Debug */,
				9698562B1FCE4ACF00A1D84C /* Release */,
			);
			defaultConfigurationIsVisible = 0;
			defaultConfigurationName = Release;
		};
		9698562C1FCE4ACF00A1D84C /* Build configuration list for PBXNativeTarget "OneAppiOS" */ = {
			isa = XCConfigurationList;
			buildConfigurations = (
				9698562D1FCE4ACF00A1D84C /* Debug */,
				9698562E1FCE4ACF00A1D84C /* Release */,
			);
			defaultConfigurationIsVisible = 0;
			defaultConfigurationName = Release;
		};
		9698562F1FCE4ACF00A1D84C /* Build configuration list for PBXNativeTarget "OneAppiOSTests" */ = {
			isa = XCConfigurationList;
			buildConfigurations = (
				969856301FCE4ACF00A1D84C /* Debug */,
				969856311FCE4ACF00A1D84C /* Release */,
			);
			defaultConfigurationIsVisible = 0;
			defaultConfigurationName = Release;
		};
		969856321FCE4ACF00A1D84C /* Build configuration list for PBXNativeTarget "OneAppiOSUITests" */ = {
			isa = XCConfigurationList;
			buildConfigurations = (
				969856331FCE4ACF00A1D84C /* Debug */,
				969856341FCE4ACF00A1D84C /* Release */,
			);
			defaultConfigurationIsVisible = 0;
			defaultConfigurationName = Release;
		};
/* End XCConfigurationList section */
	};
	rootObject = 969855FC1FCE4ACF00A1D84C /* Project object */;
}
