// !$*UTF8*$!
{
	archiveVersion = 1;
	classes = {
	};
	objectVersion = 48;
	objects = {

/* Begin PBXBuildFile section */
		027E8B5E51DC37D6559D09A4 /* Pods_OneAppiOS.framework in Frameworks */ = {isa = PBXBuildFile; fileRef = B095B8D1209A9FC87D910170 /* Pods_OneAppiOS.framework */; };
		68E7F9288F08F976815FC3CC /* Pods_OneAppiOSTests.framework in Frameworks */ = {isa = PBXBuildFile; fileRef = 432FFDD14BA65285FE5087E9 /* Pods_OneAppiOSTests.framework */; };
		96025AB32079B92E00F6EFEB /* CountdownViewController.swift in Sources */ = {isa = PBXBuildFile; fileRef = 96025AB22079B92E00F6EFEB /* CountdownViewController.swift */; };
		96025AB92079B95700F6EFEB /* Extensions.swift in Sources */ = {isa = PBXBuildFile; fileRef = 96025AB82079B95700F6EFEB /* Extensions.swift */; };
		96025ABC2079B9FF00F6EFEB /* CircleView.swift in Sources */ = {isa = PBXBuildFile; fileRef = 96025ABA2079B9FF00F6EFEB /* CircleView.swift */; };
		96025ABD2079B9FF00F6EFEB /* CircularProgressIndicator.swift in Sources */ = {isa = PBXBuildFile; fileRef = 96025ABB2079B9FF00F6EFEB /* CircularProgressIndicator.swift */; };
		96025AC72079BAC000F6EFEB /* Serializable.swift in Sources */ = {isa = PBXBuildFile; fileRef = 96025AC32079BABF00F6EFEB /* Serializable.swift */; };
		96025AC82079BAC000F6EFEB /* CoalescedCallbacks.swift in Sources */ = {isa = PBXBuildFile; fileRef = 96025AC42079BAC000F6EFEB /* CoalescedCallbacks.swift */; };
		96025AC92079BAC000F6EFEB /* MHacksArray.swift in Sources */ = {isa = PBXBuildFile; fileRef = 96025AC52079BAC000F6EFEB /* MHacksArray.swift */; };
		96025ACA2079BAC000F6EFEB /* KeychainWrapper.swift in Sources */ = {isa = PBXBuildFile; fileRef = 96025AC62079BAC000F6EFEB /* KeychainWrapper.swift */; };
		96025AD42079BE3100F6EFEB /* Location.swift in Sources */ = {isa = PBXBuildFile; fileRef = 96025ACC2079BE3100F6EFEB /* Location.swift */; };
		96025AD52079BE3100F6EFEB /* ScanEvent.swift in Sources */ = {isa = PBXBuildFile; fileRef = 96025ACD2079BE3100F6EFEB /* ScanEvent.swift */; };
		96025AD62079BE3100F6EFEB /* EventOrganizer.swift in Sources */ = {isa = PBXBuildFile; fileRef = 96025ACE2079BE3100F6EFEB /* EventOrganizer.swift */; };
		96025AD72079BE3100F6EFEB /* ScannedDataField.swift in Sources */ = {isa = PBXBuildFile; fileRef = 96025ACF2079BE3100F6EFEB /* ScannedDataField.swift */; };
		96025AD82079BE3100F6EFEB /* Event.swift in Sources */ = {isa = PBXBuildFile; fileRef = 96025AD02079BE3100F6EFEB /* Event.swift */; };
		96025AD92079BE3100F6EFEB /* Announcement.swift in Sources */ = {isa = PBXBuildFile; fileRef = 96025AD12079BE3100F6EFEB /* Announcement.swift */; };
		96025ADA2079BE3100F6EFEB /* Configuration.swift in Sources */ = {isa = PBXBuildFile; fileRef = 96025AD22079BE3100F6EFEB /* Configuration.swift */; };
		96025ADB2079BE3100F6EFEB /* Floor.swift in Sources */ = {isa = PBXBuildFile; fileRef = 96025AD32079BE3100F6EFEB /* Floor.swift */; };
		96025ADE2079CC7600F6EFEB /* API.swift in Sources */ = {isa = PBXBuildFile; fileRef = 96025ADD2079CC7600F6EFEB /* API.swift */; };
		9612AB2120830C7200A158CF /* login.js in Resources */ = {isa = PBXBuildFile; fileRef = 9612AB2020830C7200A158CF /* login.js */; };
		961AD92E20868E500098BDD3 /* HomeNavigationViewController.swift in Sources */ = {isa = PBXBuildFile; fileRef = 961AD92D20868E500098BDD3 /* HomeNavigationViewController.swift */; };
		9622CC9E2087626A00FB0CB5 /* MapViewController.swift in Sources */ = {isa = PBXBuildFile; fileRef = 9622CC9D2087626A00FB0CB5 /* MapViewController.swift */; };
		9622CCA0208762B600FB0CB5 /* ImageScrollView.swift in Sources */ = {isa = PBXBuildFile; fileRef = 9622CC9F208762B600FB0CB5 /* ImageScrollView.swift */; };
		9622CCA22087B7D800FB0CB5 /* EventsTableViewCell.swift in Sources */ = {isa = PBXBuildFile; fileRef = 9622CCA12087B7D800FB0CB5 /* EventsTableViewCell.swift */; };
		9622CCA82087D12100FB0CB5 /* EventDetailTableViewController.swift in Sources */ = {isa = PBXBuildFile; fileRef = 9622CCA72087D12100FB0CB5 /* EventDetailTableViewController.swift */; };
		9622CCAA2087D39F00FB0CB5 /* GoogleService-Info.plist in Resources */ = {isa = PBXBuildFile; fileRef = 9622CCA92087D39900FB0CB5 /* GoogleService-Info.plist */; };
		962375062083341E0053F81D /* ScannerViewController.swift in Sources */ = {isa = PBXBuildFile; fileRef = 962375052083341E0053F81D /* ScannerViewController.swift */; };
		9625EE342086CFF100ED5B18 /* SlackAnnouncmentViewController.swift in Sources */ = {isa = PBXBuildFile; fileRef = 9625EE332086CFF100ED5B18 /* SlackAnnouncmentViewController.swift */; };
		9625EE362086E6ED00ED5B18 /* EventsTableViewController.swift in Sources */ = {isa = PBXBuildFile; fileRef = 9625EE352086E6ED00ED5B18 /* EventsTableViewController.swift */; };
		9644C8E6207D883E0021A445 /* SplashViewController.swift in Sources */ = {isa = PBXBuildFile; fileRef = 9644C8E5207D883E0021A445 /* SplashViewController.swift */; };
		966B5C2A2079D8B100472C03 /* MyMLH.swift in Sources */ = {isa = PBXBuildFile; fileRef = 966B5C292079D8B100472C03 /* MyMLH.swift */; };
		966B5C2E207A0A0100472C03 /* TabsViewController.swift in Sources */ = {isa = PBXBuildFile; fileRef = 966B5C2D207A0A0100472C03 /* TabsViewController.swift */; };
		969856081FCE4ACF00A1D84C /* AppDelegate.swift in Sources */ = {isa = PBXBuildFile; fileRef = 969856071FCE4ACF00A1D84C /* AppDelegate.swift */; };
		9698560A1FCE4ACF00A1D84C /* ViewController.swift in Sources */ = {isa = PBXBuildFile; fileRef = 969856091FCE4ACF00A1D84C /* ViewController.swift */; };
		9698560D1FCE4ACF00A1D84C /* Main.storyboard in Resources */ = {isa = PBXBuildFile; fileRef = 9698560B1FCE4ACF00A1D84C /* Main.storyboard */; };
		9698560F1FCE4ACF00A1D84C /* Assets.xcassets in Resources */ = {isa = PBXBuildFile; fileRef = 9698560E1FCE4ACF00A1D84C /* Assets.xcassets */; };
		969856121FCE4ACF00A1D84C /* LaunchScreen.storyboard in Resources */ = {isa = PBXBuildFile; fileRef = 969856101FCE4ACF00A1D84C /* LaunchScreen.storyboard */; };
		9698561D1FCE4ACF00A1D84C /* OneAppiOSTests.swift in Sources */ = {isa = PBXBuildFile; fileRef = 9698561C1FCE4ACF00A1D84C /* OneAppiOSTests.swift */; };
		969856281FCE4ACF00A1D84C /* OneAppiOSUITests.swift in Sources */ = {isa = PBXBuildFile; fileRef = 969856271FCE4ACF00A1D84C /* OneAppiOSUITests.swift */; };
		F8232186E8B955396F9654D7 /* Pods_OneAppiOSUITests.framework in Frameworks */ = {isa = PBXBuildFile; fileRef = E611008E78189B62DCC00F88 /* Pods_OneAppiOSUITests.framework */; };
/* End PBXBuildFile section */

/* Begin PBXContainerItemProxy section */
		969856191FCE4ACF00A1D84C /* PBXContainerItemProxy */ = {
			isa = PBXContainerItemProxy;
			containerPortal = 969855FC1FCE4ACF00A1D84C /* Project object */;
			proxyType = 1;
			remoteGlobalIDString = 969856031FCE4ACF00A1D84C;
			remoteInfo = OneAppiOS;
		};
		969856241FCE4ACF00A1D84C /* PBXContainerItemProxy */ = {
			isa = PBXContainerItemProxy;
			containerPortal = 969855FC1FCE4ACF00A1D84C /* Project object */;
			proxyType = 1;
			remoteGlobalIDString = 969856031FCE4ACF00A1D84C;
			remoteInfo = OneAppiOS;
		};
/* End PBXContainerItemProxy section */

/* Begin PBXFileReference section */
		314B6E34D1EA01E004CE32E8 /* Pods-OneAppiOSTests.debug.xcconfig */ = {isa = PBXFileReference; includeInIndex = 1; lastKnownFileType = text.xcconfig; name = "Pods-OneAppiOSTests.debug.xcconfig"; path = "Pods/Target Support Files/Pods-OneAppiOSTests/Pods-OneAppiOSTests.debug.xcconfig"; sourceTree = "<group>"; };
		33F3C46021AF8C5A0682D7DB /* Pods-OneAppiOS.debug.xcconfig */ = {isa = PBXFileReference; includeInIndex = 1; lastKnownFileType = text.xcconfig; name = "Pods-OneAppiOS.debug.xcconfig"; path = "Pods/Target Support Files/Pods-OneAppiOS/Pods-OneAppiOS.debug.xcconfig"; sourceTree = "<group>"; };
		391711F28CD5A15A21CD5477 /* Pods-OneAppiOSUITests.release.xcconfig */ = {isa = PBXFileReference; includeInIndex = 1; lastKnownFileType = text.xcconfig; name = "Pods-OneAppiOSUITests.release.xcconfig"; path = "Pods/Target Support Files/Pods-OneAppiOSUITests/Pods-OneAppiOSUITests.release.xcconfig"; sourceTree = "<group>"; };
		432FFDD14BA65285FE5087E9 /* Pods_OneAppiOSTests.framework */ = {isa = PBXFileReference; explicitFileType = wrapper.framework; includeInIndex = 0; path = Pods_OneAppiOSTests.framework; sourceTree = BUILT_PRODUCTS_DIR; };
		57D1024FDE8CE88D065950FB /* Pods-OneAppiOS.release.xcconfig */ = {isa = PBXFileReference; includeInIndex = 1; lastKnownFileType = text.xcconfig; name = "Pods-OneAppiOS.release.xcconfig"; path = "Pods/Target Support Files/Pods-OneAppiOS/Pods-OneAppiOS.release.xcconfig"; sourceTree = "<group>"; };
		798AC2F94EF4F87B4AE4A52E /* Pods-OneAppiOSTests.release.xcconfig */ = {isa = PBXFileReference; includeInIndex = 1; lastKnownFileType = text.xcconfig; name = "Pods-OneAppiOSTests.release.xcconfig"; path = "Pods/Target Support Files/Pods-OneAppiOSTests/Pods-OneAppiOSTests.release.xcconfig"; sourceTree = "<group>"; };
		96025AB22079B92E00F6EFEB /* CountdownViewController.swift */ = {isa = PBXFileReference; fileEncoding = 4; lastKnownFileType = sourcecode.swift; path = CountdownViewController.swift; sourceTree = "<group>"; };
		96025AB82079B95700F6EFEB /* Extensions.swift */ = {isa = PBXFileReference; fileEncoding = 4; lastKnownFileType = sourcecode.swift; path = Extensions.swift; sourceTree = "<group>"; };
		96025ABA2079B9FF00F6EFEB /* CircleView.swift */ = {isa = PBXFileReference; fileEncoding = 4; lastKnownFileType = sourcecode.swift; path = CircleView.swift; sourceTree = "<group>"; };
		96025ABB2079B9FF00F6EFEB /* CircularProgressIndicator.swift */ = {isa = PBXFileReference; fileEncoding = 4; lastKnownFileType = sourcecode.swift; path = CircularProgressIndicator.swift; sourceTree = "<group>"; };
		96025AC32079BABF00F6EFEB /* Serializable.swift */ = {isa = PBXFileReference; fileEncoding = 4; lastKnownFileType = sourcecode.swift; path = Serializable.swift; sourceTree = "<group>"; };
		96025AC42079BAC000F6EFEB /* CoalescedCallbacks.swift */ = {isa = PBXFileReference; fileEncoding = 4; lastKnownFileType = sourcecode.swift; path = CoalescedCallbacks.swift; sourceTree = "<group>"; };
		96025AC52079BAC000F6EFEB /* MHacksArray.swift */ = {isa = PBXFileReference; fileEncoding = 4; lastKnownFileType = sourcecode.swift; path = MHacksArray.swift; sourceTree = "<group>"; };
		96025AC62079BAC000F6EFEB /* KeychainWrapper.swift */ = {isa = PBXFileReference; fileEncoding = 4; lastKnownFileType = sourcecode.swift; path = KeychainWrapper.swift; sourceTree = "<group>"; };
		96025ACC2079BE3100F6EFEB /* Location.swift */ = {isa = PBXFileReference; fileEncoding = 4; lastKnownFileType = sourcecode.swift; path = Location.swift; sourceTree = "<group>"; };
		96025ACD2079BE3100F6EFEB /* ScanEvent.swift */ = {isa = PBXFileReference; fileEncoding = 4; lastKnownFileType = sourcecode.swift; path = ScanEvent.swift; sourceTree = "<group>"; };
		96025ACE2079BE3100F6EFEB /* EventOrganizer.swift */ = {isa = PBXFileReference; fileEncoding = 4; lastKnownFileType = sourcecode.swift; path = EventOrganizer.swift; sourceTree = "<group>"; };
		96025ACF2079BE3100F6EFEB /* ScannedDataField.swift */ = {isa = PBXFileReference; fileEncoding = 4; lastKnownFileType = sourcecode.swift; path = ScannedDataField.swift; sourceTree = "<group>"; };
		96025AD02079BE3100F6EFEB /* Event.swift */ = {isa = PBXFileReference; fileEncoding = 4; lastKnownFileType = sourcecode.swift; path = Event.swift; sourceTree = "<group>"; };
		96025AD12079BE3100F6EFEB /* Announcement.swift */ = {isa = PBXFileReference; fileEncoding = 4; lastKnownFileType = sourcecode.swift; path = Announcement.swift; sourceTree = "<group>"; };
		96025AD22079BE3100F6EFEB /* Configuration.swift */ = {isa = PBXFileReference; fileEncoding = 4; lastKnownFileType = sourcecode.swift; path = Configuration.swift; sourceTree = "<group>"; };
		96025AD32079BE3100F6EFEB /* Floor.swift */ = {isa = PBXFileReference; fileEncoding = 4; lastKnownFileType = sourcecode.swift; path = Floor.swift; sourceTree = "<group>"; };
		96025ADD2079CC7600F6EFEB /* API.swift */ = {isa = PBXFileReference; lastKnownFileType = sourcecode.swift; path = API.swift; sourceTree = "<group>"; };
		9612AB2020830C7200A158CF /* login.js */ = {isa = PBXFileReference; lastKnownFileType = sourcecode.javascript; path = login.js; sourceTree = "<group>"; };
		961AD92D20868E500098BDD3 /* HomeNavigationViewController.swift */ = {isa = PBXFileReference; lastKnownFileType = sourcecode.swift; path = HomeNavigationViewController.swift; sourceTree = "<group>"; };
		9622CC9D2087626A00FB0CB5 /* MapViewController.swift */ = {isa = PBXFileReference; lastKnownFileType = sourcecode.swift; path = MapViewController.swift; sourceTree = "<group>"; };
		9622CC9F208762B600FB0CB5 /* ImageScrollView.swift */ = {isa = PBXFileReference; lastKnownFileType = sourcecode.swift; path = ImageScrollView.swift; sourceTree = "<group>"; };
		9622CCA12087B7D800FB0CB5 /* EventsTableViewCell.swift */ = {isa = PBXFileReference; lastKnownFileType = sourcecode.swift; path = EventsTableViewCell.swift; sourceTree = "<group>"; };
		9622CCA72087D12100FB0CB5 /* EventDetailTableViewController.swift */ = {isa = PBXFileReference; lastKnownFileType = sourcecode.swift; path = EventDetailTableViewController.swift; sourceTree = "<group>"; };
		9622CCA92087D39900FB0CB5 /* GoogleService-Info.plist */ = {isa = PBXFileReference; fileEncoding = 4; lastKnownFileType = text.plist.xml; path = "GoogleService-Info.plist"; sourceTree = "<group>"; };
		962375052083341E0053F81D /* ScannerViewController.swift */ = {isa = PBXFileReference; lastKnownFileType = sourcecode.swift; path = ScannerViewController.swift; sourceTree = "<group>"; };
		9625EE332086CFF100ED5B18 /* SlackAnnouncmentViewController.swift */ = {isa = PBXFileReference; lastKnownFileType = sourcecode.swift; path = SlackAnnouncmentViewController.swift; sourceTree = "<group>"; };
		9625EE352086E6ED00ED5B18 /* EventsTableViewController.swift */ = {isa = PBXFileReference; lastKnownFileType = sourcecode.swift; path = EventsTableViewController.swift; sourceTree = "<group>"; };
		9644C8E5207D883E0021A445 /* SplashViewController.swift */ = {isa = PBXFileReference; lastKnownFileType = sourcecode.swift; path = SplashViewController.swift; sourceTree = "<group>"; };
		966B5C292079D8B100472C03 /* MyMLH.swift */ = {isa = PBXFileReference; lastKnownFileType = sourcecode.swift; path = MyMLH.swift; sourceTree = "<group>"; };
		966B5C2D207A0A0100472C03 /* TabsViewController.swift */ = {isa = PBXFileReference; lastKnownFileType = sourcecode.swift; path = TabsViewController.swift; sourceTree = "<group>"; };
		969856041FCE4ACF00A1D84C /* OneAppiOS.app */ = {isa = PBXFileReference; explicitFileType = wrapper.application; includeInIndex = 0; path = OneAppiOS.app; sourceTree = BUILT_PRODUCTS_DIR; };
		969856071FCE4ACF00A1D84C /* AppDelegate.swift */ = {isa = PBXFileReference; lastKnownFileType = sourcecode.swift; path = AppDelegate.swift; sourceTree = "<group>"; };
		969856091FCE4ACF00A1D84C /* ViewController.swift */ = {isa = PBXFileReference; lastKnownFileType = sourcecode.swift; path = ViewController.swift; sourceTree = "<group>"; };
		9698560C1FCE4ACF00A1D84C /* Base */ = {isa = PBXFileReference; lastKnownFileType = file.storyboard; name = Base; path = Base.lproj/Main.storyboard; sourceTree = "<group>"; };
		9698560E1FCE4ACF00A1D84C /* Assets.xcassets */ = {isa = PBXFileReference; lastKnownFileType = folder.assetcatalog; path = Assets.xcassets; sourceTree = "<group>"; };
		969856111FCE4ACF00A1D84C /* Base */ = {isa = PBXFileReference; lastKnownFileType = file.storyboard; name = Base; path = Base.lproj/LaunchScreen.storyboard; sourceTree = "<group>"; };
		969856131FCE4ACF00A1D84C /* Info.plist */ = {isa = PBXFileReference; lastKnownFileType = text.plist.xml; path = Info.plist; sourceTree = "<group>"; };
		969856181FCE4ACF00A1D84C /* OneAppiOSTests.xctest */ = {isa = PBXFileReference; explicitFileType = wrapper.cfbundle; includeInIndex = 0; path = OneAppiOSTests.xctest; sourceTree = BUILT_PRODUCTS_DIR; };
		9698561C1FCE4ACF00A1D84C /* OneAppiOSTests.swift */ = {isa = PBXFileReference; lastKnownFileType = sourcecode.swift; path = OneAppiOSTests.swift; sourceTree = "<group>"; };
		9698561E1FCE4ACF00A1D84C /* Info.plist */ = {isa = PBXFileReference; lastKnownFileType = text.plist.xml; path = Info.plist; sourceTree = "<group>"; };
		969856231FCE4ACF00A1D84C /* OneAppiOSUITests.xctest */ = {isa = PBXFileReference; explicitFileType = wrapper.cfbundle; includeInIndex = 0; path = OneAppiOSUITests.xctest; sourceTree = BUILT_PRODUCTS_DIR; };
		969856271FCE4ACF00A1D84C /* OneAppiOSUITests.swift */ = {isa = PBXFileReference; lastKnownFileType = sourcecode.swift; path = OneAppiOSUITests.swift; sourceTree = "<group>"; };
		969856291FCE4ACF00A1D84C /* Info.plist */ = {isa = PBXFileReference; lastKnownFileType = text.plist.xml; path = Info.plist; sourceTree = "<group>"; };
		B095B8D1209A9FC87D910170 /* Pods_OneAppiOS.framework */ = {isa = PBXFileReference; explicitFileType = wrapper.framework; includeInIndex = 0; path = Pods_OneAppiOS.framework; sourceTree = BUILT_PRODUCTS_DIR; };
		C834DB07EC1B57FB60D75DDC /* Pods-OneAppiOSUITests.debug.xcconfig */ = {isa = PBXFileReference; includeInIndex = 1; lastKnownFileType = text.xcconfig; name = "Pods-OneAppiOSUITests.debug.xcconfig"; path = "Pods/Target Support Files/Pods-OneAppiOSUITests/Pods-OneAppiOSUITests.debug.xcconfig"; sourceTree = "<group>"; };
		E611008E78189B62DCC00F88 /* Pods_OneAppiOSUITests.framework */ = {isa = PBXFileReference; explicitFileType = wrapper.framework; includeInIndex = 0; path = Pods_OneAppiOSUITests.framework; sourceTree = BUILT_PRODUCTS_DIR; };
/* End PBXFileReference section */

/* Begin PBXFrameworksBuildPhase section */
		969856011FCE4ACF00A1D84C /* Frameworks */ = {
			isa = PBXFrameworksBuildPhase;
			buildActionMask = 2147483647;
			files = (
				027E8B5E51DC37D6559D09A4 /* Pods_OneAppiOS.framework in Frameworks */,
			);
			runOnlyForDeploymentPostprocessing = 0;
		};
		969856151FCE4ACF00A1D84C /* Frameworks */ = {
			isa = PBXFrameworksBuildPhase;
			buildActionMask = 2147483647;
			files = (
				68E7F9288F08F976815FC3CC /* Pods_OneAppiOSTests.framework in Frameworks */,
			);
			runOnlyForDeploymentPostprocessing = 0;
		};
		969856201FCE4ACF00A1D84C /* Frameworks */ = {
			isa = PBXFrameworksBuildPhase;
			buildActionMask = 2147483647;
			files = (
				F8232186E8B955396F9654D7 /* Pods_OneAppiOSUITests.framework in Frameworks */,
			);
			runOnlyForDeploymentPostprocessing = 0;
		};
/* End PBXFrameworksBuildPhase section */

/* Begin PBXGroup section */
		1F82F7613A5C99ABE1DA4F56 /* Pods */ = {
			isa = PBXGroup;
			children = (
				33F3C46021AF8C5A0682D7DB /* Pods-OneAppiOS.debug.xcconfig */,
				57D1024FDE8CE88D065950FB /* Pods-OneAppiOS.release.xcconfig */,
				314B6E34D1EA01E004CE32E8 /* Pods-OneAppiOSTests.debug.xcconfig */,
				798AC2F94EF4F87B4AE4A52E /* Pods-OneAppiOSTests.release.xcconfig */,
				C834DB07EC1B57FB60D75DDC /* Pods-OneAppiOSUITests.debug.xcconfig */,
				391711F28CD5A15A21CD5477 /* Pods-OneAppiOSUITests.release.xcconfig */,
			);
			name = Pods;
			sourceTree = "<group>";
		};
		96025ABE2079BA0900F6EFEB /* Views */ = {
			isa = PBXGroup;
			children = (
				96025ABA2079B9FF00F6EFEB /* CircleView.swift */,
				96025ABB2079B9FF00F6EFEB /* CircularProgressIndicator.swift */,
				9644C8E5207D883E0021A445 /* SplashViewController.swift */,
			);
			path = Views;
			sourceTree = "<group>";
		};
		96025ABF2079BA2400F6EFEB /* Modal */ = {
			isa = PBXGroup;
			children = (
				96025ADD2079CC7600F6EFEB /* API.swift */,
			);
			path = Modal;
			sourceTree = "<group>";
		};
		96025AC02079BA4E00F6EFEB /* Controller */ = {
			isa = PBXGroup;
			children = (
				96B9BB212161591A005A45B7 /* Scanner */,
				96B9BB202161590F005A45B7 /* Slack */,
				96B9BB1F216158EB005A45B7 /* Login */,
				96B9BB1E216158C3005A45B7 /* Calendar */,
				96B9BB1D216158B8005A45B7 /* Map */,
				96B9BB1C2161589F005A45B7 /* Home+Navigation */,
			);
			path = Controller;
			sourceTree = "<group>";
		};
		96025ACB2079BACA00F6EFEB /* Internals */ = {
			isa = PBXGroup;
			children = (
				96025AC42079BAC000F6EFEB /* CoalescedCallbacks.swift */,
				96025AC32079BABF00F6EFEB /* Serializable.swift */,
			);
			path = Internals;
			sourceTree = "<group>";
		};
		969855FB1FCE4ACF00A1D84C = {
			isa = PBXGroup;
			children = (
				969856061FCE4ACF00A1D84C /* OneAppiOS */,
				9698561B1FCE4ACF00A1D84C /* OneAppiOSTests */,
				969856261FCE4ACF00A1D84C /* OneAppiOSUITests */,
				969856051FCE4ACF00A1D84C /* Products */,
				1F82F7613A5C99ABE1DA4F56 /* Pods */,
				D2CBBD14B657C289DE1775CB /* Frameworks */,
			);
			sourceTree = "<group>";
		};
		969856051FCE4ACF00A1D84C /* Products */ = {
			isa = PBXGroup;
			children = (
				969856041FCE4ACF00A1D84C /* OneAppiOS.app */,
				969856181FCE4ACF00A1D84C /* OneAppiOSTests.xctest */,
				969856231FCE4ACF00A1D84C /* OneAppiOSUITests.xctest */,
			);
			name = Products;
			sourceTree = "<group>";
		};
		969856061FCE4ACF00A1D84C /* OneAppiOS */ = {
			isa = PBXGroup;
			children = (
				969856071FCE4ACF00A1D84C /* AppDelegate.swift */,
				96025AB82079B95700F6EFEB /* Extensions.swift */,
				96025ABE2079BA0900F6EFEB /* Views */,
				96025ABF2079BA2400F6EFEB /* Modal */,
				96025AC02079BA4E00F6EFEB /* Controller */,
				96B9BB1B2161585B005A45B7 /* Old MHacks Files */,
				9698560B1FCE4ACF00A1D84C /* Main.storyboard */,
				9698560E1FCE4ACF00A1D84C /* Assets.xcassets */,
				969856101FCE4ACF00A1D84C /* LaunchScreen.storyboard */,
				9622CCA92087D39900FB0CB5 /* GoogleService-Info.plist */,
				969856131FCE4ACF00A1D84C /* Info.plist */,
			);
			path = OneAppiOS;
			sourceTree = "<group>";
		};
		9698561B1FCE4ACF00A1D84C /* OneAppiOSTests */ = {
			isa = PBXGroup;
			children = (
				9698561C1FCE4ACF00A1D84C /* OneAppiOSTests.swift */,
				9698561E1FCE4ACF00A1D84C /* Info.plist */,
			);
			path = OneAppiOSTests;
			sourceTree = "<group>";
		};
		969856261FCE4ACF00A1D84C /* OneAppiOSUITests */ = {
			isa = PBXGroup;
			children = (
				969856271FCE4ACF00A1D84C /* OneAppiOSUITests.swift */,
				969856291FCE4ACF00A1D84C /* Info.plist */,
			);
			path = OneAppiOSUITests;
			sourceTree = "<group>";
		};
		96B9BB1A2161583D005A45B7 /* CountdownTimerConfiguration */ = {
			isa = PBXGroup;
			children = (
				96025ACB2079BACA00F6EFEB /* Internals */,
				96025AD22079BE3100F6EFEB /* Configuration.swift */,
			);
			path = CountdownTimerConfiguration;
			sourceTree = "<group>";
		};
		96B9BB1B2161585B005A45B7 /* Old MHacks Files */ = {
			isa = PBXGroup;
			children = (
				96025AC62079BAC000F6EFEB /* KeychainWrapper.swift */,
				96025AC52079BAC000F6EFEB /* MHacksArray.swift */,
				96025ACD2079BE3100F6EFEB /* ScanEvent.swift */,
				96025ACF2079BE3100F6EFEB /* ScannedDataField.swift */,
				96025AD12079BE3100F6EFEB /* Announcement.swift */,
				96025AD02079BE3100F6EFEB /* Event.swift */,
				96025ACE2079BE3100F6EFEB /* EventOrganizer.swift */,
				96025AD32079BE3100F6EFEB /* Floor.swift */,
				96025ACC2079BE3100F6EFEB /* Location.swift */,
			);
			path = "Old MHacks Files";
			sourceTree = "<group>";
		};
		96B9BB1C2161589F005A45B7 /* Home+Navigation */ = {
			isa = PBXGroup;
			children = (
				96B9BB1A2161583D005A45B7 /* CountdownTimerConfiguration */,
				96025AB22079B92E00F6EFEB /* CountdownViewController.swift */,
				969856091FCE4ACF00A1D84C /* ViewController.swift */,
				961AD92D20868E500098BDD3 /* HomeNavigationViewController.swift */,
				966B5C2D207A0A0100472C03 /* TabsViewController.swift */,
			);
			path = "Home+Navigation";
			sourceTree = "<group>";
		};
		96B9BB1D216158B8005A45B7 /* Map */ = {
			isa = PBXGroup;
			children = (
				9622CC9D2087626A00FB0CB5 /* MapViewController.swift */,
				9622CC9F208762B600FB0CB5 /* ImageScrollView.swift */,
			);
			path = Map;
			sourceTree = "<group>";
		};
		96B9BB1E216158C3005A45B7 /* Calendar */ = {
			isa = PBXGroup;
			children = (
				9622CCA72087D12100FB0CB5 /* EventDetailTableViewController.swift */,
				9625EE352086E6ED00ED5B18 /* EventsTableViewController.swift */,
				9622CCA12087B7D800FB0CB5 /* EventsTableViewCell.swift */,
			);
			path = Calendar;
			sourceTree = "<group>";
		};
		96B9BB1F216158EB005A45B7 /* Login */ = {
			isa = PBXGroup;
			children = (
				966B5C292079D8B100472C03 /* MyMLH.swift */,
				9612AB2020830C7200A158CF /* login.js */,
			);
			path = Login;
			sourceTree = "<group>";
		};
		96B9BB202161590F005A45B7 /* Slack */ = {
			isa = PBXGroup;
			children = (
				9625EE332086CFF100ED5B18 /* SlackAnnouncmentViewController.swift */,
			);
			path = Slack;
			sourceTree = "<group>";
		};
		96B9BB212161591A005A45B7 /* Scanner */ = {
			isa = PBXGroup;
			children = (
				962375052083341E0053F81D /* ScannerViewController.swift */,
			);
			path = Scanner;
			sourceTree = "<group>";
		};
		D2CBBD14B657C289DE1775CB /* Frameworks */ = {
			isa = PBXGroup;
			children = (
				B095B8D1209A9FC87D910170 /* Pods_OneAppiOS.framework */,
				432FFDD14BA65285FE5087E9 /* Pods_OneAppiOSTests.framework */,
				E611008E78189B62DCC00F88 /* Pods_OneAppiOSUITests.framework */,
			);
			name = Frameworks;
			sourceTree = "<group>";
		};
/* End PBXGroup section */

/* Begin PBXNativeTarget section */
		969856031FCE4ACF00A1D84C /* OneAppiOS */ = {
			isa = PBXNativeTarget;
			buildConfigurationList = 9698562C1FCE4ACF00A1D84C /* Build configuration list for PBXNativeTarget "OneAppiOS" */;
			buildPhases = (
				A5BB18FDC7A00D09010BCDFD /* [CP] Check Pods Manifest.lock */,
				969856001FCE4ACF00A1D84C /* Sources */,
				969856011FCE4ACF00A1D84C /* Frameworks */,
				969856021FCE4ACF00A1D84C /* Resources */,
				96B9BB222162FDD3005A45B7 /* ShellScript */,
				176362E7EE7EB5F9F08539DA /* [CP] Embed Pods Frameworks */,
			);
			buildRules = (
			);
			dependencies = (
			);
			name = OneAppiOS;
			productName = OneAppiOS;
			productReference = 969856041FCE4ACF00A1D84C /* OneAppiOS.app */;
			productType = "com.apple.product-type.application";
		};
		969856171FCE4ACF00A1D84C /* OneAppiOSTests */ = {
			isa = PBXNativeTarget;
			buildConfigurationList = 9698562F1FCE4ACF00A1D84C /* Build configuration list for PBXNativeTarget "OneAppiOSTests" */;
			buildPhases = (
				787AE45F3DA5AA19B79D314B /* [CP] Check Pods Manifest.lock */,
				969856141FCE4ACF00A1D84C /* Sources */,
				969856151FCE4ACF00A1D84C /* Frameworks */,
				969856161FCE4ACF00A1D84C /* Resources */,
			);
			buildRules = (
			);
			dependencies = (
				9698561A1FCE4ACF00A1D84C /* PBXTargetDependency */,
			);
			name = OneAppiOSTests;
			productName = OneAppiOSTests;
			productReference = 969856181FCE4ACF00A1D84C /* OneAppiOSTests.xctest */;
			productType = "com.apple.product-type.bundle.unit-test";
		};
		969856221FCE4ACF00A1D84C /* OneAppiOSUITests */ = {
			isa = PBXNativeTarget;
			buildConfigurationList = 969856321FCE4ACF00A1D84C /* Build configuration list for PBXNativeTarget "OneAppiOSUITests" */;
			buildPhases = (
				DDE4DBA071AE16E20E8E2CE7 /* [CP] Check Pods Manifest.lock */,
				9698561F1FCE4ACF00A1D84C /* Sources */,
				969856201FCE4ACF00A1D84C /* Frameworks */,
				969856211FCE4ACF00A1D84C /* Resources */,
			);
			buildRules = (
			);
			dependencies = (
				969856251FCE4ACF00A1D84C /* PBXTargetDependency */,
			);
			name = OneAppiOSUITests;
			productName = OneAppiOSUITests;
			productReference = 969856231FCE4ACF00A1D84C /* OneAppiOSUITests.xctest */;
			productType = "com.apple.product-type.bundle.ui-testing";
		};
/* End PBXNativeTarget section */

/* Begin PBXProject section */
		969855FC1FCE4ACF00A1D84C /* Project object */ = {
			isa = PBXProject;
			attributes = {
				LastSwiftUpdateCheck = 0910;
				LastUpgradeCheck = 0930;
				ORGANIZATIONNAME = "Qasim Abbas";
				TargetAttributes = {
					969856031FCE4ACF00A1D84C = {
						CreatedOnToolsVersion = 9.1;
						LastSwiftMigration = 1000;
						ProvisioningStyle = Automatic;
						SystemCapabilities = {
							com.apple.BackgroundModes = {
								enabled = 0;
							};
						};
					};
					969856171FCE4ACF00A1D84C = {
						CreatedOnToolsVersion = 9.1;
						LastSwiftMigration = 1000;
						ProvisioningStyle = Automatic;
						TestTargetID = 969856031FCE4ACF00A1D84C;
					};
					969856221FCE4ACF00A1D84C = {
						CreatedOnToolsVersion = 9.1;
						LastSwiftMigration = 1000;
						ProvisioningStyle = Automatic;
						TestTargetID = 969856031FCE4ACF00A1D84C;
					};
				};
			};
			buildConfigurationList = 969855FF1FCE4ACF00A1D84C /* Build configuration list for PBXProject "OneAppiOS" */;
			compatibilityVersion = "Xcode 8.0";
			developmentRegion = en;
			hasScannedForEncodings = 0;
			knownRegions = (
				en,
				Base,
			);
			mainGroup = 969855FB1FCE4ACF00A1D84C;
			productRefGroup = 969856051FCE4ACF00A1D84C /* Products */;
			projectDirPath = "";
			projectRoot = "";
			targets = (
				969856031FCE4ACF00A1D84C /* OneAppiOS */,
				969856171FCE4ACF00A1D84C /* OneAppiOSTests */,
				969856221FCE4ACF00A1D84C /* OneAppiOSUITests */,
			);
		};
/* End PBXProject section */

/* Begin PBXResourcesBuildPhase section */
		969856021FCE4ACF00A1D84C /* Resources */ = {
			isa = PBXResourcesBuildPhase;
			buildActionMask = 2147483647;
			files = (
				9612AB2120830C7200A158CF /* login.js in Resources */,
				969856121FCE4ACF00A1D84C /* LaunchScreen.storyboard in Resources */,
				9622CCAA2087D39F00FB0CB5 /* GoogleService-Info.plist in Resources */,
				9698560F1FCE4ACF00A1D84C /* Assets.xcassets in Resources */,
				9698560D1FCE4ACF00A1D84C /* Main.storyboard in Resources */,
			);
			runOnlyForDeploymentPostprocessing = 0;
		};
		969856161FCE4ACF00A1D84C /* Resources */ = {
			isa = PBXResourcesBuildPhase;
			buildActionMask = 2147483647;
			files = (
			);
			runOnlyForDeploymentPostprocessing = 0;
		};
		969856211FCE4ACF00A1D84C /* Resources */ = {
			isa = PBXResourcesBuildPhase;
			buildActionMask = 2147483647;
			files = (
			);
			runOnlyForDeploymentPostprocessing = 0;
		};
/* End PBXResourcesBuildPhase section */

/* Begin PBXShellScriptBuildPhase section */
		176362E7EE7EB5F9F08539DA /* [CP] Embed Pods Frameworks */ = {
			isa = PBXShellScriptBuildPhase;
			buildActionMask = 2147483647;
			files = (
			);
			inputFileListPaths = (
			);
			inputPaths = (
				"${SRCROOT}/Pods/Target Support Files/Pods-OneAppiOS/Pods-OneAppiOS-frameworks.sh",
				"${BUILT_PRODUCTS_DIR}/Alamofire/Alamofire.framework",
				"${BUILT_PRODUCTS_DIR}/Alamofire-Synchronous/Alamofire_Synchronous.framework",
				"${BUILT_PRODUCTS_DIR}/Floaty/Floaty.framework",
				"${BUILT_PRODUCTS_DIR}/FoldingTabBar/FoldingTabBar.framework",
				"${BUILT_PRODUCTS_DIR}/GoogleUtilities/GoogleUtilities.framework",
				"${BUILT_PRODUCTS_DIR}/MDFInternationalization/MDFInternationalization.framework",
				"${BUILT_PRODUCTS_DIR}/MDFTextAccessibility/MDFTextAccessibility.framework",
				"${BUILT_PRODUCTS_DIR}/MaterialComponents/MaterialComponents.framework",
				"${BUILT_PRODUCTS_DIR}/MotionAnimator/MotionAnimator.framework",
				"${BUILT_PRODUCTS_DIR}/MotionInterchange/MotionInterchange.framework",
				"${BUILT_PRODUCTS_DIR}/MotionTransitioning/MotionTransitioning.framework",
				"${BUILT_PRODUCTS_DIR}/NVActivityIndicatorView/NVActivityIndicatorView.framework",
				"${BUILT_PRODUCTS_DIR}/QRCode/QRCode.framework",
				"${BUILT_PRODUCTS_DIR}/QRCodeReader.swift/QRCodeReader.framework",
				"${BUILT_PRODUCTS_DIR}/RippleEffectView/RippleEffectView.framework",
				"${BUILT_PRODUCTS_DIR}/SwiftyJSON/SwiftyJSON.framework",
				"${BUILT_PRODUCTS_DIR}/leveldb-library/leveldb.framework",
				"${BUILT_PRODUCTS_DIR}/nanopb/nanopb.framework",
			);
			name = "[CP] Embed Pods Frameworks";
			outputFileListPaths = (
			);
			outputPaths = (
				"${TARGET_BUILD_DIR}/${FRAMEWORKS_FOLDER_PATH}/Alamofire.framework",
				"${TARGET_BUILD_DIR}/${FRAMEWORKS_FOLDER_PATH}/Alamofire_Synchronous.framework",
				"${TARGET_BUILD_DIR}/${FRAMEWORKS_FOLDER_PATH}/Floaty.framework",
				"${TARGET_BUILD_DIR}/${FRAMEWORKS_FOLDER_PATH}/FoldingTabBar.framework",
				"${TARGET_BUILD_DIR}/${FRAMEWORKS_FOLDER_PATH}/GoogleUtilities.framework",
				"${TARGET_BUILD_DIR}/${FRAMEWORKS_FOLDER_PATH}/MDFInternationalization.framework",
				"${TARGET_BUILD_DIR}/${FRAMEWORKS_FOLDER_PATH}/MDFTextAccessibility.framework",
				"${TARGET_BUILD_DIR}/${FRAMEWORKS_FOLDER_PATH}/MaterialComponents.framework",
				"${TARGET_BUILD_DIR}/${FRAMEWORKS_FOLDER_PATH}/MotionAnimator.framework",
				"${TARGET_BUILD_DIR}/${FRAMEWORKS_FOLDER_PATH}/MotionInterchange.framework",
				"${TARGET_BUILD_DIR}/${FRAMEWORKS_FOLDER_PATH}/MotionTransitioning.framework",
				"${TARGET_BUILD_DIR}/${FRAMEWORKS_FOLDER_PATH}/NVActivityIndicatorView.framework",
				"${TARGET_BUILD_DIR}/${FRAMEWORKS_FOLDER_PATH}/QRCode.framework",
				"${TARGET_BUILD_DIR}/${FRAMEWORKS_FOLDER_PATH}/QRCodeReader.framework",
				"${TARGET_BUILD_DIR}/${FRAMEWORKS_FOLDER_PATH}/RippleEffectView.framework",
				"${TARGET_BUILD_DIR}/${FRAMEWORKS_FOLDER_PATH}/SwiftyJSON.framework",
				"${TARGET_BUILD_DIR}/${FRAMEWORKS_FOLDER_PATH}/leveldb.framework",
				"${TARGET_BUILD_DIR}/${FRAMEWORKS_FOLDER_PATH}/nanopb.framework",
			);
			runOnlyForDeploymentPostprocessing = 0;
			shellPath = /bin/sh;
			shellScript = "\"${SRCROOT}/Pods/Target Support Files/Pods-OneAppiOS/Pods-OneAppiOS-frameworks.sh\"\n";
			showEnvVarsInLog = 0;
		};
		787AE45F3DA5AA19B79D314B /* [CP] Check Pods Manifest.lock */ = {
			isa = PBXShellScriptBuildPhase;
			buildActionMask = 2147483647;
			files = (
			);
			inputFileListPaths = (
			);
			inputPaths = (
				"${PODS_PODFILE_DIR_PATH}/Podfile.lock",
				"${PODS_ROOT}/Manifest.lock",
			);
			name = "[CP] Check Pods Manifest.lock";
			outputFileListPaths = (
			);
			outputPaths = (
				"$(DERIVED_FILE_DIR)/Pods-OneAppiOSTests-checkManifestLockResult.txt",
			);
			runOnlyForDeploymentPostprocessing = 0;
			shellPath = /bin/sh;
			shellScript = "diff \"${PODS_PODFILE_DIR_PATH}/Podfile.lock\" \"${PODS_ROOT}/Manifest.lock\" > /dev/null\nif [ $? != 0 ] ; then\n    # print error to STDERR\n    echo \"error: The sandbox is not in sync with the Podfile.lock. Run 'pod install' or update your CocoaPods installation.\" >&2\n    exit 1\nfi\n# This output is used by Xcode 'outputs' to avoid re-running this script phase.\necho \"SUCCESS\" > \"${SCRIPT_OUTPUT_FILE_0}\"\n";
			showEnvVarsInLog = 0;
		};
		96B9BB222162FDD3005A45B7 /* ShellScript */ = {
			isa = PBXShellScriptBuildPhase;
			buildActionMask = 2147483647;
			files = (
			);
			inputPaths = (
			);
			outputPaths = (
			);
			runOnlyForDeploymentPostprocessing = 0;
			shellPath = /bin/sh;
			shellScript = "if which swiftlint >/dev/null; then\n    swiftlint\nelse\n    echo \"warning: SwiftLint not installed, download from https://github.com/realm/SwiftLint\"\nfi\n";
		};
		A5BB18FDC7A00D09010BCDFD /* [CP] Check Pods Manifest.lock */ = {
			isa = PBXShellScriptBuildPhase;
			buildActionMask = 2147483647;
			files = (
			);
			inputFileListPaths = (
			);
			inputPaths = (
				"${PODS_PODFILE_DIR_PATH}/Podfile.lock",
				"${PODS_ROOT}/Manifest.lock",
			);
			name = "[CP] Check Pods Manifest.lock";
			outputFileListPaths = (
			);
			outputPaths = (
				"$(DERIVED_FILE_DIR)/Pods-OneAppiOS-checkManifestLockResult.txt",
			);
			runOnlyForDeploymentPostprocessing = 0;
			shellPath = /bin/sh;
			shellScript = "diff \"${PODS_PODFILE_DIR_PATH}/Podfile.lock\" \"${PODS_ROOT}/Manifest.lock\" > /dev/null\nif [ $? != 0 ] ; then\n    # print error to STDERR\n    echo \"error: The sandbox is not in sync with the Podfile.lock. Run 'pod install' or update your CocoaPods installation.\" >&2\n    exit 1\nfi\n# This output is used by Xcode 'outputs' to avoid re-running this script phase.\necho \"SUCCESS\" > \"${SCRIPT_OUTPUT_FILE_0}\"\n";
			showEnvVarsInLog = 0;
		};
		DDE4DBA071AE16E20E8E2CE7 /* [CP] Check Pods Manifest.lock */ = {
			isa = PBXShellScriptBuildPhase;
			buildActionMask = 2147483647;
			files = (
			);
			inputFileListPaths = (
			);
			inputPaths = (
				"${PODS_PODFILE_DIR_PATH}/Podfile.lock",
				"${PODS_ROOT}/Manifest.lock",
			);
			name = "[CP] Check Pods Manifest.lock";
			outputFileListPaths = (
			);
			outputPaths = (
				"$(DERIVED_FILE_DIR)/Pods-OneAppiOSUITests-checkManifestLockResult.txt",
			);
			runOnlyForDeploymentPostprocessing = 0;
			shellPath = /bin/sh;
			shellScript = "diff \"${PODS_PODFILE_DIR_PATH}/Podfile.lock\" \"${PODS_ROOT}/Manifest.lock\" > /dev/null\nif [ $? != 0 ] ; then\n    # print error to STDERR\n    echo \"error: The sandbox is not in sync with the Podfile.lock. Run 'pod install' or update your CocoaPods installation.\" >&2\n    exit 1\nfi\n# This output is used by Xcode 'outputs' to avoid re-running this script phase.\necho \"SUCCESS\" > \"${SCRIPT_OUTPUT_FILE_0}\"\n";
			showEnvVarsInLog = 0;
		};
/* End PBXShellScriptBuildPhase section */

/* Begin PBXSourcesBuildPhase section */
		969856001FCE4ACF00A1D84C /* Sources */ = {
			isa = PBXSourcesBuildPhase;
			buildActionMask = 2147483647;
			files = (
				96025AC82079BAC000F6EFEB /* CoalescedCallbacks.swift in Sources */,
				966B5C2A2079D8B100472C03 /* MyMLH.swift in Sources */,
				9622CCA22087B7D800FB0CB5 /* EventsTableViewCell.swift in Sources */,
				96025AB32079B92E00F6EFEB /* CountdownViewController.swift in Sources */,
				96025ABD2079B9FF00F6EFEB /* CircularProgressIndicator.swift in Sources */,
				96025ADA2079BE3100F6EFEB /* Configuration.swift in Sources */,
				96025AB92079B95700F6EFEB /* Extensions.swift in Sources */,
				96025AC72079BAC000F6EFEB /* Serializable.swift in Sources */,
				96025AD62079BE3100F6EFEB /* EventOrganizer.swift in Sources */,
				9698560A1FCE4ACF00A1D84C /* ViewController.swift in Sources */,
				961AD92E20868E500098BDD3 /* HomeNavigationViewController.swift in Sources */,
				9622CCA82087D12100FB0CB5 /* EventDetailTableViewController.swift in Sources */,
				9644C8E6207D883E0021A445 /* SplashViewController.swift in Sources */,
				96025AD42079BE3100F6EFEB /* Location.swift in Sources */,
				96025AD82079BE3100F6EFEB /* Event.swift in Sources */,
				96025AC92079BAC000F6EFEB /* MHacksArray.swift in Sources */,
				96025ADB2079BE3100F6EFEB /* Floor.swift in Sources */,
				96025ADE2079CC7600F6EFEB /* API.swift in Sources */,
				969856081FCE4ACF00A1D84C /* AppDelegate.swift in Sources */,
				96025AD92079BE3100F6EFEB /* Announcement.swift in Sources */,
				96025AD72079BE3100F6EFEB /* ScannedDataField.swift in Sources */,
				96025ACA2079BAC000F6EFEB /* KeychainWrapper.swift in Sources */,
				9625EE342086CFF100ED5B18 /* SlackAnnouncmentViewController.swift in Sources */,
				9625EE362086E6ED00ED5B18 /* EventsTableViewController.swift in Sources */,
				966B5C2E207A0A0100472C03 /* TabsViewController.swift in Sources */,
				96025AD52079BE3100F6EFEB /* ScanEvent.swift in Sources */,
				962375062083341E0053F81D /* ScannerViewController.swift in Sources */,
				96025ABC2079B9FF00F6EFEB /* CircleView.swift in Sources */,
				9622CCA0208762B600FB0CB5 /* ImageScrollView.swift in Sources */,
				9622CC9E2087626A00FB0CB5 /* MapViewController.swift in Sources */,
			);
			runOnlyForDeploymentPostprocessing = 0;
		};
		969856141FCE4ACF00A1D84C /* Sources */ = {
			isa = PBXSourcesBuildPhase;
			buildActionMask = 2147483647;
			files = (
				9698561D1FCE4ACF00A1D84C /* OneAppiOSTests.swift in Sources */,
			);
			runOnlyForDeploymentPostprocessing = 0;
		};
		9698561F1FCE4ACF00A1D84C /* Sources */ = {
			isa = PBXSourcesBuildPhase;
			buildActionMask = 2147483647;
			files = (
				969856281FCE4ACF00A1D84C /* OneAppiOSUITests.swift in Sources */,
			);
			runOnlyForDeploymentPostprocessing = 0;
		};
/* End PBXSourcesBuildPhase section */

/* Begin PBXTargetDependency section */
		9698561A1FCE4ACF00A1D84C /* PBXTargetDependency */ = {
			isa = PBXTargetDependency;
			target = 969856031FCE4ACF00A1D84C /* OneAppiOS */;
			targetProxy = 969856191FCE4ACF00A1D84C /* PBXContainerItemProxy */;
		};
		969856251FCE4ACF00A1D84C /* PBXTargetDependency */ = {
			isa = PBXTargetDependency;
			target = 969856031FCE4ACF00A1D84C /* OneAppiOS */;
			targetProxy = 969856241FCE4ACF00A1D84C /* PBXContainerItemProxy */;
		};
/* End PBXTargetDependency section */

/* Begin PBXVariantGroup section */
		9698560B1FCE4ACF00A1D84C /* Main.storyboard */ = {
			isa = PBXVariantGroup;
			children = (
				9698560C1FCE4ACF00A1D84C /* Base */,
			);
			name = Main.storyboard;
			sourceTree = "<group>";
		};
		969856101FCE4ACF00A1D84C /* LaunchScreen.storyboard */ = {
			isa = PBXVariantGroup;
			children = (
				969856111FCE4ACF00A1D84C /* Base */,
			);
			name = LaunchScreen.storyboard;
			sourceTree = "<group>";
		};
/* End PBXVariantGroup section */

/* Begin XCBuildConfiguration section */
		9698562A1FCE4ACF00A1D84C /* Debug */ = {
			isa = XCBuildConfiguration;
			buildSettings = {
				ALWAYS_SEARCH_USER_PATHS = NO;
				CLANG_ANALYZER_NONNULL = YES;
				CLANG_ANALYZER_NUMBER_OBJECT_CONVERSION = YES_AGGRESSIVE;
				CLANG_CXX_LANGUAGE_STANDARD = "gnu++14";
				CLANG_CXX_LIBRARY = "libc++";
				CLANG_ENABLE_MODULES = YES;
				CLANG_ENABLE_OBJC_ARC = YES;
				CLANG_WARN_BLOCK_CAPTURE_AUTORELEASING = YES;
				CLANG_WARN_BOOL_CONVERSION = YES;
				CLANG_WARN_COMMA = YES;
				CLANG_WARN_CONSTANT_CONVERSION = YES;
				CLANG_WARN_DEPRECATED_OBJC_IMPLEMENTATIONS = YES;
				CLANG_WARN_DIRECT_OBJC_ISA_USAGE = YES_ERROR;
				CLANG_WARN_DOCUMENTATION_COMMENTS = YES;
				CLANG_WARN_EMPTY_BODY = YES;
				CLANG_WARN_ENUM_CONVERSION = YES;
				CLANG_WARN_INFINITE_RECURSION = YES;
				CLANG_WARN_INT_CONVERSION = YES;
				CLANG_WARN_NON_LITERAL_NULL_CONVERSION = YES;
				CLANG_WARN_OBJC_IMPLICIT_RETAIN_SELF = YES;
				CLANG_WARN_OBJC_LITERAL_CONVERSION = YES;
				CLANG_WARN_OBJC_ROOT_CLASS = YES_ERROR;
				CLANG_WARN_RANGE_LOOP_ANALYSIS = YES;
				CLANG_WARN_STRICT_PROTOTYPES = YES;
				CLANG_WARN_SUSPICIOUS_MOVE = YES;
				CLANG_WARN_UNGUARDED_AVAILABILITY = YES_AGGRESSIVE;
				CLANG_WARN_UNREACHABLE_CODE = YES;
				CLANG_WARN__DUPLICATE_METHOD_MATCH = YES;
				CODE_SIGN_IDENTITY = "iPhone Developer";
				COPY_PHASE_STRIP = NO;
				DEBUG_INFORMATION_FORMAT = dwarf;
				ENABLE_STRICT_OBJC_MSGSEND = YES;
				ENABLE_TESTABILITY = YES;
				GCC_C_LANGUAGE_STANDARD = gnu11;
				GCC_DYNAMIC_NO_PIC = NO;
				GCC_NO_COMMON_BLOCKS = YES;
				GCC_OPTIMIZATION_LEVEL = 0;
				GCC_PREPROCESSOR_DEFINITIONS = (
					"DEBUG=1",
					"$(inherited)",
				);
				GCC_WARN_64_TO_32_BIT_CONVERSION = YES;
				GCC_WARN_ABOUT_RETURN_TYPE = YES_ERROR;
				GCC_WARN_UNDECLARED_SELECTOR = YES;
				GCC_WARN_UNINITIALIZED_AUTOS = YES_AGGRESSIVE;
				GCC_WARN_UNUSED_FUNCTION = YES;
				GCC_WARN_UNUSED_VARIABLE = YES;
				IPHONEOS_DEPLOYMENT_TARGET = 11.1;
				MTL_ENABLE_DEBUG_INFO = YES;
				ONLY_ACTIVE_ARCH = YES;
				SDKROOT = iphoneos;
				SWIFT_ACTIVE_COMPILATION_CONDITIONS = DEBUG;
				SWIFT_OPTIMIZATION_LEVEL = "-Onone";
			};
			name = Debug;
		};
		9698562B1FCE4ACF00A1D84C /* Release */ = {
			isa = XCBuildConfiguration;
			buildSettings = {
				ALWAYS_SEARCH_USER_PATHS = NO;
				CLANG_ANALYZER_NONNULL = YES;
				CLANG_ANALYZER_NUMBER_OBJECT_CONVERSION = YES_AGGRESSIVE;
				CLANG_CXX_LANGUAGE_STANDARD = "gnu++14";
				CLANG_CXX_LIBRARY = "libc++";
				CLANG_ENABLE_MODULES = YES;
				CLANG_ENABLE_OBJC_ARC = YES;
				CLANG_WARN_BLOCK_CAPTURE_AUTORELEASING = YES;
				CLANG_WARN_BOOL_CONVERSION = YES;
				CLANG_WARN_COMMA = YES;
				CLANG_WARN_CONSTANT_CONVERSION = YES;
				CLANG_WARN_DEPRECATED_OBJC_IMPLEMENTATIONS = YES;
				CLANG_WARN_DIRECT_OBJC_ISA_USAGE = YES_ERROR;
				CLANG_WARN_DOCUMENTATION_COMMENTS = YES;
				CLANG_WARN_EMPTY_BODY = YES;
				CLANG_WARN_ENUM_CONVERSION = YES;
				CLANG_WARN_INFINITE_RECURSION = YES;
				CLANG_WARN_INT_CONVERSION = YES;
				CLANG_WARN_NON_LITERAL_NULL_CONVERSION = YES;
				CLANG_WARN_OBJC_IMPLICIT_RETAIN_SELF = YES;
				CLANG_WARN_OBJC_LITERAL_CONVERSION = YES;
				CLANG_WARN_OBJC_ROOT_CLASS = YES_ERROR;
				CLANG_WARN_RANGE_LOOP_ANALYSIS = YES;
				CLANG_WARN_STRICT_PROTOTYPES = YES;
				CLANG_WARN_SUSPICIOUS_MOVE = YES;
				CLANG_WARN_UNGUARDED_AVAILABILITY = YES_AGGRESSIVE;
				CLANG_WARN_UNREACHABLE_CODE = YES;
				CLANG_WARN__DUPLICATE_METHOD_MATCH = YES;
				CODE_SIGN_IDENTITY = "iPhone Developer";
				COPY_PHASE_STRIP = NO;
				DEBUG_INFORMATION_FORMAT = "dwarf-with-dsym";
				ENABLE_NS_ASSERTIONS = NO;
				ENABLE_STRICT_OBJC_MSGSEND = YES;
				GCC_C_LANGUAGE_STANDARD = gnu11;
				GCC_NO_COMMON_BLOCKS = YES;
				GCC_WARN_64_TO_32_BIT_CONVERSION = YES;
				GCC_WARN_ABOUT_RETURN_TYPE = YES_ERROR;
				GCC_WARN_UNDECLARED_SELECTOR = YES;
				GCC_WARN_UNINITIALIZED_AUTOS = YES_AGGRESSIVE;
				GCC_WARN_UNUSED_FUNCTION = YES;
				GCC_WARN_UNUSED_VARIABLE = YES;
				IPHONEOS_DEPLOYMENT_TARGET = 11.1;
				MTL_ENABLE_DEBUG_INFO = NO;
				SDKROOT = iphoneos;
				SWIFT_OPTIMIZATION_LEVEL = "-Owholemodule";
				VALIDATE_PRODUCT = YES;
			};
			name = Release;
		};
		9698562D1FCE4ACF00A1D84C /* Debug */ = {
			isa = XCBuildConfiguration;
			baseConfigurationReference = 33F3C46021AF8C5A0682D7DB /* Pods-OneAppiOS.debug.xcconfig */;
			buildSettings = {
				ASSETCATALOG_COMPILER_APPICON_NAME = AppIcon;
				CODE_SIGN_STYLE = Automatic;
				DEVELOPMENT_TEAM = M8DY28XM67;
				FRAMEWORK_SEARCH_PATHS = (
					"$(inherited)",
					"$(PROJECT_DIR)",
				);
				INFOPLIST_FILE = OneAppiOS/Info.plist;
				LD_RUNPATH_SEARCH_PATHS = "$(inherited) @executable_path/Frameworks";
				PRODUCT_BUNDLE_IDENTIFIER = QasimAbbas.OneAppiOS;
				PRODUCT_NAME = "$(TARGET_NAME)";
				SWIFT_COMPILATION_MODE = wholemodule;
				SWIFT_VERSION = 4.2;
				TARGETED_DEVICE_FAMILY = "1,2";
			};
			name = Debug;
		};
		9698562E1FCE4ACF00A1D84C /* Release */ = {
			isa = XCBuildConfiguration;
			baseConfigurationReference = 57D1024FDE8CE88D065950FB /* Pods-OneAppiOS.release.xcconfig */;
			buildSettings = {
				ASSETCATALOG_COMPILER_APPICON_NAME = AppIcon;
				CODE_SIGN_STYLE = Automatic;
				DEVELOPMENT_TEAM = M8DY28XM67;
				FRAMEWORK_SEARCH_PATHS = (
					"$(inherited)",
					"$(PROJECT_DIR)",
				);
				INFOPLIST_FILE = OneAppiOS/Info.plist;
				LD_RUNPATH_SEARCH_PATHS = "$(inherited) @executable_path/Frameworks";
				PRODUCT_BUNDLE_IDENTIFIER = QasimAbbas.OneAppiOS;
				PRODUCT_NAME = "$(TARGET_NAME)";
				SWIFT_VERSION = 4.2;
				TARGETED_DEVICE_FAMILY = "1,2";
			};
			name = Release;
		};
		969856301FCE4ACF00A1D84C /* Debug */ = {
			isa = XCBuildConfiguration;
			baseConfigurationReference = 314B6E34D1EA01E004CE32E8 /* Pods-OneAppiOSTests.debug.xcconfig */;
			buildSettings = {
				ALWAYS_EMBED_SWIFT_STANDARD_LIBRARIES = YES;
				BUNDLE_LOADER = "$(TEST_HOST)";
				CODE_SIGN_STYLE = Automatic;
				DEVELOPMENT_TEAM = M8DY28XM67;
				INFOPLIST_FILE = OneAppiOSTests/Info.plist;
				LD_RUNPATH_SEARCH_PATHS = "$(inherited) @executable_path/Frameworks @loader_path/Frameworks";
				PRODUCT_BUNDLE_IDENTIFIER = QasimAbbas.OneAppiOSTests;
				PRODUCT_NAME = "$(TARGET_NAME)";
				SWIFT_VERSION = 4.2;
				TARGETED_DEVICE_FAMILY = "1,2";
				TEST_HOST = "$(BUILT_PRODUCTS_DIR)/OneAppiOS.app/OneAppiOS";
			};
			name = Debug;
		};
		969856311FCE4ACF00A1D84C /* Release */ = {
			isa = XCBuildConfiguration;
			baseConfigurationReference = 798AC2F94EF4F87B4AE4A52E /* Pods-OneAppiOSTests.release.xcconfig */;
			buildSettings = {
				ALWAYS_EMBED_SWIFT_STANDARD_LIBRARIES = YES;
				BUNDLE_LOADER = "$(TEST_HOST)";
				CODE_SIGN_STYLE = Automatic;
				DEVELOPMENT_TEAM = M8DY28XM67;
				INFOPLIST_FILE = OneAppiOSTests/Info.plist;
				LD_RUNPATH_SEARCH_PATHS = "$(inherited) @executable_path/Frameworks @loader_path/Frameworks";
				PRODUCT_BUNDLE_IDENTIFIER = QasimAbbas.OneAppiOSTests;
				PRODUCT_NAME = "$(TARGET_NAME)";
				SWIFT_VERSION = 4.2;
				TARGETED_DEVICE_FAMILY = "1,2";
				TEST_HOST = "$(BUILT_PRODUCTS_DIR)/OneAppiOS.app/OneAppiOS";
			};
			name = Release;
		};
		969856331FCE4ACF00A1D84C /* Debug */ = {
			isa = XCBuildConfiguration;
			baseConfigurationReference = C834DB07EC1B57FB60D75DDC /* Pods-OneAppiOSUITests.debug.xcconfig */;
			buildSettings = {
				ALWAYS_EMBED_SWIFT_STANDARD_LIBRARIES = YES;
				CODE_SIGN_STYLE = Automatic;
				DEVELOPMENT_TEAM = M8DY28XM67;
				INFOPLIST_FILE = OneAppiOSUITests/Info.plist;
				LD_RUNPATH_SEARCH_PATHS = "$(inherited) @executable_path/Frameworks @loader_path/Frameworks";
				PRODUCT_BUNDLE_IDENTIFIER = QasimAbbas.OneAppiOSUITests;
				PRODUCT_NAME = "$(TARGET_NAME)";
				SWIFT_VERSION = 4.2;
				TARGETED_DEVICE_FAMILY = "1,2";
				TEST_TARGET_NAME = OneAppiOS;
			};
			name = Debug;
		};
		969856341FCE4ACF00A1D84C /* Release */ = {
			isa = XCBuildConfiguration;
			baseConfigurationReference = 391711F28CD5A15A21CD5477 /* Pods-OneAppiOSUITests.release.xcconfig */;
			buildSettings = {
				ALWAYS_EMBED_SWIFT_STANDARD_LIBRARIES = YES;
				CODE_SIGN_STYLE = Automatic;
				DEVELOPMENT_TEAM = M8DY28XM67;
				INFOPLIST_FILE = OneAppiOSUITests/Info.plist;
				LD_RUNPATH_SEARCH_PATHS = "$(inherited) @executable_path/Frameworks @loader_path/Frameworks";
				PRODUCT_BUNDLE_IDENTIFIER = QasimAbbas.OneAppiOSUITests;
				PRODUCT_NAME = "$(TARGET_NAME)";
				SWIFT_VERSION = 4.2;
				TARGETED_DEVICE_FAMILY = "1,2";
				TEST_TARGET_NAME = OneAppiOS;
			};
			name = Release;
		};
/* End XCBuildConfiguration section */

/* Begin XCConfigurationList section */
		969855FF1FCE4ACF00A1D84C /* Build configuration list for PBXProject "OneAppiOS" */ = {
			isa = XCConfigurationList;
			buildConfigurations = (
				9698562A1FCE4ACF00A1D84C /* Debug */,
				9698562B1FCE4ACF00A1D84C /* Release */,
			);
			defaultConfigurationIsVisible = 0;
			defaultConfigurationName = Release;
		};
		9698562C1FCE4ACF00A1D84C /* Build configuration list for PBXNativeTarget "OneAppiOS" */ = {
			isa = XCConfigurationList;
			buildConfigurations = (
				9698562D1FCE4ACF00A1D84C /* Debug */,
				9698562E1FCE4ACF00A1D84C /* Release */,
			);
			defaultConfigurationIsVisible = 0;
			defaultConfigurationName = Release;
		};
		9698562F1FCE4ACF00A1D84C /* Build configuration list for PBXNativeTarget "OneAppiOSTests" */ = {
			isa = XCConfigurationList;
			buildConfigurations = (
				969856301FCE4ACF00A1D84C /* Debug */,
				969856311FCE4ACF00A1D84C /* Release */,
			);
			defaultConfigurationIsVisible = 0;
			defaultConfigurationName = Release;
		};
		969856321FCE4ACF00A1D84C /* Build configuration list for PBXNativeTarget "OneAppiOSUITests" */ = {
			isa = XCConfigurationList;
			buildConfigurations = (
				969856331FCE4ACF00A1D84C /* Debug */,
				969856341FCE4ACF00A1D84C /* Release */,
			);
			defaultConfigurationIsVisible = 0;
			defaultConfigurationName = Release;
		};
/* End XCConfigurationList section */
	};
	rootObject = 969855FC1FCE4ACF00A1D84C /* Project object */;
}
