PODS:
  - Alamofire (4.7.2)
  - Alamofire-Synchronous (4.0.0):
    - Alamofire (~> 4.0)
  - Firebase/Core (4.13.0):
    - FirebaseAnalytics (= 4.2.0)
    - FirebaseCore (= 4.0.20)
  - Firebase/Database (4.13.0):
    - Firebase/Core
    - FirebaseDatabase (= 4.1.5)
  - FirebaseAnalytics (4.2.0):
    - FirebaseCore (~> 4.0)
    - FirebaseInstanceID (~> 2.0)
    - "GoogleToolboxForMac/NSData+zlib (~> 2.1)"
    - nanopb (~> 0.3)
  - FirebaseCore (4.0.20):
    - "GoogleToolboxForMac/NSData+zlib (~> 2.1)"
  - FirebaseDatabase (4.1.5):
    - FirebaseAnalytics (~> 4.1)
    - FirebaseCore (~> 4.0)
    - leveldb-library (~> 1.18)
  - FirebaseInstanceID (2.0.10):
    - FirebaseCore (~> 4.0)
  - Floaty (3.0.1)
  - GoogleToolboxForMac/Defines (2.1.3)
  - "GoogleToolboxForMac/NSData+zlib (2.1.3)":
    - GoogleToolboxForMac/Defines (= 2.1.3)
  - leveldb-library (1.20)
  - MaterialComponents (54.7.0):
    - MaterialComponents/ActivityIndicator (= 54.7.0)
    - "MaterialComponents/ActivityIndicator+Extensions (= 54.7.0)"
    - MaterialComponents/AnimationTiming (= 54.7.0)
    - MaterialComponents/AppBar (= 54.7.0)
    - "MaterialComponents/AppBar+Extensions (= 54.7.0)"
    - MaterialComponents/BottomAppBar (= 54.7.0)
    - "MaterialComponents/BottomAppBar+Extensions (= 54.7.0)"
    - MaterialComponents/BottomNavigation (= 54.7.0)
    - "MaterialComponents/BottomNavigation+Extensions (= 54.7.0)"
    - MaterialComponents/BottomSheet (= 54.7.0)
    - MaterialComponents/ButtonBar (= 54.7.0)
    - "MaterialComponents/ButtonBar+Extensions (= 54.7.0)"
    - MaterialComponents/Buttons (= 54.7.0)
    - "MaterialComponents/Buttons+Extensions (= 54.7.0)"
    - MaterialComponents/Cards (= 54.7.0)
    - "MaterialComponents/Cards+Extensions (= 54.7.0)"
    - MaterialComponents/Chips (= 54.7.0)
    - "MaterialComponents/Chips+Extensions (= 54.7.0)"
    - MaterialComponents/CollectionCells (= 54.7.0)
    - MaterialComponents/CollectionLayoutAttributes (= 54.7.0)
    - MaterialComponents/Collections (= 54.7.0)
    - MaterialComponents/Dialogs (= 54.7.0)
    - "MaterialComponents/Dialogs+Extensions (= 54.7.0)"
    - MaterialComponents/FeatureHighlight (= 54.7.0)
    - "MaterialComponents/FeatureHighlight+Extensions (= 54.7.0)"
    - MaterialComponents/FlexibleHeader (= 54.7.0)
    - "MaterialComponents/FlexibleHeader+Extensions (= 54.7.0)"
    - MaterialComponents/HeaderStackView (= 54.7.0)
    - "MaterialComponents/HeaderStackView+Extensions (= 54.7.0)"
    - MaterialComponents/Ink (= 54.7.0)
    - "MaterialComponents/Ink+Extensions (= 54.7.0)"
    - MaterialComponents/LibraryInfo (= 54.7.0)
    - MaterialComponents/MaskedTransition (= 54.7.0)
    - MaterialComponents/NavigationBar (= 54.7.0)
    - "MaterialComponents/NavigationBar+Extensions (= 54.7.0)"
    - MaterialComponents/OverlayWindow (= 54.7.0)
    - MaterialComponents/PageControl (= 54.7.0)
    - "MaterialComponents/PageControl+Extensions (= 54.7.0)"
    - MaterialComponents/Palettes (= 54.7.0)
    - MaterialComponents/private (= 54.7.0)
    - MaterialComponents/ProgressView (= 54.7.0)
    - "MaterialComponents/ProgressView+Extensions (= 54.7.0)"
    - MaterialComponents/schemes (= 54.7.0)
    - MaterialComponents/ShadowElevations (= 54.7.0)
    - MaterialComponents/ShadowLayer (= 54.7.0)
    - MaterialComponents/Slider (= 54.7.0)
    - "MaterialComponents/Slider+Extensions (= 54.7.0)"
    - MaterialComponents/Snackbar (= 54.7.0)
    - "MaterialComponents/Snackbar+Extensions (= 54.7.0)"
    - MaterialComponents/Tabs (= 54.7.0)
    - "MaterialComponents/Tabs+Extensions (= 54.7.0)"
    - MaterialComponents/TextFields (= 54.7.0)
    - "MaterialComponents/TextFields+Extensions (= 54.7.0)"
    - MaterialComponents/Themes (= 54.7.0)
    - MaterialComponents/Typography (= 54.7.0)
  - MaterialComponents/ActivityIndicator (54.7.0):
    - MaterialComponents/Palettes
    - MaterialComponents/private/Application
    - MDFInternationalization
    - MotionAnimator (~> 2.0)
  - "MaterialComponents/ActivityIndicator+Extensions (54.7.0)":
    - "MaterialComponents/ActivityIndicator+Extensions/ColorThemer (= 54.7.0)"
  - "MaterialComponents/ActivityIndicator+Extensions/ColorThemer (54.7.0)":
    - MaterialComponents/ActivityIndicator
    - MaterialComponents/schemes/Color
  - MaterialComponents/AnimationTiming (54.7.0)
  - MaterialComponents/AppBar (54.7.0):
    - MaterialComponents/FlexibleHeader
    - MaterialComponents/HeaderStackView
    - MaterialComponents/NavigationBar
    - MaterialComponents/private/Application
    - MaterialComponents/private/Icons/ic_arrow_back
    - MaterialComponents/private/UIMetrics
    - MaterialComponents/ShadowElevations
    - MaterialComponents/ShadowLayer
    - MaterialComponents/Typography
    - MDFInternationalization
  - "MaterialComponents/AppBar+Extensions (54.7.0)":
    - "MaterialComponents/AppBar+Extensions/ColorThemer (= 54.7.0)"
    - "MaterialComponents/AppBar+Extensions/TypographyThemer (= 54.7.0)"
  - "MaterialComponents/AppBar+Extensions/ColorThemer (54.7.0)":
    - MaterialComponents/AppBar
    - "MaterialComponents/FlexibleHeader+Extensions/ColorThemer"
    - "MaterialComponents/NavigationBar+Extensions/ColorThemer"
    - MaterialComponents/Themes
  - "MaterialComponents/AppBar+Extensions/TypographyThemer (54.7.0)":
    - MaterialComponents/AppBar
    - "MaterialComponents/NavigationBar+Extensions/TypographyThemer"
  - MaterialComponents/BottomAppBar (54.7.0):
    - MaterialComponents/Buttons
    - MaterialComponents/NavigationBar
    - MaterialComponents/private/Math
    - MDFInternationalization
  - "MaterialComponents/BottomAppBar+Extensions (54.7.0)":
    - "MaterialComponents/BottomAppBar+Extensions/ColorThemer (= 54.7.0)"
  - "MaterialComponents/BottomAppBar+Extensions/ColorThemer (54.7.0)":
    - MaterialComponents/BottomAppBar
    - MaterialComponents/Themes
  - MaterialComponents/BottomNavigation (54.7.0):
    - MaterialComponents/Ink
    - MaterialComponents/private/Math
    - MaterialComponents/ShadowElevations
    - MaterialComponents/ShadowLayer
    - MaterialComponents/Typography
    - MDFInternationalization
  - "MaterialComponents/BottomNavigation+Extensions (54.7.0)":
    - "MaterialComponents/BottomNavigation+Extensions/ColorThemer (= 54.7.0)"
    - "MaterialComponents/BottomNavigation+Extensions/TypographyThemer (= 54.7.0)"
  - "MaterialComponents/BottomNavigation+Extensions/ColorThemer (54.7.0)":
    - MaterialComponents/BottomNavigation
    - MaterialComponents/schemes/Color
  - "MaterialComponents/BottomNavigation+Extensions/TypographyThemer (54.7.0)":
    - MaterialComponents/BottomNavigation
    - MaterialComponents/schemes/Typography
  - MaterialComponents/BottomSheet (54.7.0):
    - MaterialComponents/private/KeyboardWatcher
    - MaterialComponents/private/Math
  - MaterialComponents/ButtonBar (54.7.0):
    - MaterialComponents/Buttons
    - MDFInternationalization
  - "MaterialComponents/ButtonBar+Extensions (54.7.0)":
    - "MaterialComponents/ButtonBar+Extensions/ColorThemer (= 54.7.0)"
  - "MaterialComponents/ButtonBar+Extensions/ColorThemer (54.7.0)":
    - MaterialComponents/ButtonBar
    - MaterialComponents/Themes
  - MaterialComponents/Buttons (54.7.0):
    - MaterialComponents/Ink
    - MaterialComponents/private/Math
    - MaterialComponents/ShadowElevations
    - MaterialComponents/ShadowLayer
    - MaterialComponents/Typography
    - MDFInternationalization
    - MDFTextAccessibility
  - "MaterialComponents/Buttons+Extensions (54.7.0)":
    - "MaterialComponents/Buttons+Extensions/ColorThemer (= 54.7.0)"
    - "MaterialComponents/Buttons+Extensions/TitleColorAccessibilityMutator (= 54.7.0)"
    - "MaterialComponents/Buttons+Extensions/TypographyThemer (= 54.7.0)"
  - "MaterialComponents/Buttons+Extensions/ColorThemer (54.7.0)":
    - MaterialComponents/Buttons
    - MaterialComponents/schemes/Color
  - "MaterialComponents/Buttons+Extensions/TitleColorAccessibilityMutator (54.7.0)":
    - MaterialComponents/Buttons
    - MDFTextAccessibility
  - "MaterialComponents/Buttons+Extensions/TypographyThemer (54.7.0)":
    - MaterialComponents/Buttons
    - MaterialComponents/schemes/Typography
  - MaterialComponents/Cards (54.7.0):
    - MaterialComponents/Ink
    - MaterialComponents/private/Icons/ic_check_circle
    - MaterialComponents/private/Math
    - MaterialComponents/private/Shapes
    - MaterialComponents/ShadowLayer
  - "MaterialComponents/Cards+Extensions (54.7.0)":
    - "MaterialComponents/Cards+Extensions/ColorThemer (= 54.7.0)"
  - "MaterialComponents/Cards+Extensions/ColorThemer (54.7.0)":
    - MaterialComponents/Cards
    - MaterialComponents/schemes/Color
  - MaterialComponents/Chips (54.7.0):
    - MaterialComponents/Ink
    - MaterialComponents/private/Math
    - MaterialComponents/private/ShapeLibrary
    - MaterialComponents/private/Shapes
    - MaterialComponents/ShadowElevations
    - MaterialComponents/ShadowLayer
    - MaterialComponents/TextFields
    - MaterialComponents/Typography
    - MDFInternationalization
  - "MaterialComponents/Chips+Extensions (54.7.0)":
    - "MaterialComponents/Chips+Extensions/FontThemer (= 54.7.0)"
    - "MaterialComponents/Chips+Extensions/TypographyThemer (= 54.7.0)"
  - "MaterialComponents/Chips+Extensions/FontThemer (54.7.0)":
    - MaterialComponents/Chips
    - MaterialComponents/Themes
  - "MaterialComponents/Chips+Extensions/TypographyThemer (54.7.0)":
    - MaterialComponents/Chips
    - MaterialComponents/schemes/Typography
  - MaterialComponents/CollectionCells (54.7.0):
    - MaterialComponents/CollectionLayoutAttributes
    - MaterialComponents/Ink
    - MaterialComponents/Palettes
    - MaterialComponents/private/Icons/ic_check
    - MaterialComponents/private/Icons/ic_check_circle
    - MaterialComponents/private/Icons/ic_chevron_right
    - MaterialComponents/private/Icons/ic_info
    - MaterialComponents/private/Icons/ic_radio_button_unchecked
    - MaterialComponents/private/Icons/ic_reorder
    - MaterialComponents/private/Math
    - MaterialComponents/Typography
    - MDFInternationalization
  - MaterialComponents/CollectionLayoutAttributes (54.7.0)
  - MaterialComponents/Collections (54.7.0):
    - MaterialComponents/CollectionCells
    - MaterialComponents/CollectionLayoutAttributes
    - MaterialComponents/Ink
    - MaterialComponents/Palettes
    - MaterialComponents/ShadowElevations
    - MaterialComponents/ShadowLayer
    - MaterialComponents/Typography
  - MaterialComponents/Dialogs (54.7.0):
    - MaterialComponents/Buttons
    - MaterialComponents/private/KeyboardWatcher
    - MaterialComponents/ShadowElevations
    - MaterialComponents/ShadowLayer
    - MaterialComponents/Typography
    - MDFInternationalization
  - "MaterialComponents/Dialogs+Extensions (54.7.0)":
    - "MaterialComponents/Dialogs+Extensions/ColorThemer (= 54.7.0)"
    - "MaterialComponents/Dialogs+Extensions/TypographyThemer (= 54.7.0)"
  - "MaterialComponents/Dialogs+Extensions/ColorThemer (54.7.0)":
    - MaterialComponents/Dialogs
    - MaterialComponents/Themes
  - "MaterialComponents/Dialogs+Extensions/TypographyThemer (54.7.0)":
    - MaterialComponents/Dialogs
    - MaterialComponents/schemes/Typography
  - MaterialComponents/FeatureHighlight (54.7.0):
    - MaterialComponents/private/Math
    - MaterialComponents/Typography
    - MDFTextAccessibility
  - "MaterialComponents/FeatureHighlight+Extensions (54.7.0)":
    - "MaterialComponents/FeatureHighlight+Extensions/ColorThemer (= 54.7.0)"
    - "MaterialComponents/FeatureHighlight+Extensions/FeatureHighlightAccessibilityMutator (= 54.7.0)"
    - "MaterialComponents/FeatureHighlight+Extensions/FontThemer (= 54.7.0)"
    - "MaterialComponents/FeatureHighlight+Extensions/TypographyThemer (= 54.7.0)"
  - "MaterialComponents/FeatureHighlight+Extensions/ColorThemer (54.7.0)":
    - MaterialComponents/FeatureHighlight
    - MaterialComponents/Themes
  - "MaterialComponents/FeatureHighlight+Extensions/FeatureHighlightAccessibilityMutator (54.7.0)":
    - MaterialComponents/FeatureHighlight
    - MDFTextAccessibility
  - "MaterialComponents/FeatureHighlight+Extensions/FontThemer (54.7.0)":
    - MaterialComponents/FeatureHighlight
    - MaterialComponents/Themes
  - "MaterialComponents/FeatureHighlight+Extensions/TypographyThemer (54.7.0)":
    - MaterialComponents/FeatureHighlight
    - MaterialComponents/schemes/Typography
  - MaterialComponents/FlexibleHeader (54.7.0):
    - MaterialComponents/private/Application
    - MaterialComponents/private/UIMetrics
    - MDFTextAccessibility
  - "MaterialComponents/FlexibleHeader+Extensions (54.7.0)":
    - "MaterialComponents/FlexibleHeader+Extensions/ColorThemer (= 54.7.0)"
  - "MaterialComponents/FlexibleHeader+Extensions/ColorThemer (54.7.0)":
    - MaterialComponents/FlexibleHeader
    - MaterialComponents/schemes/Color
  - MaterialComponents/HeaderStackView (54.7.0)
  - "MaterialComponents/HeaderStackView+Extensions (54.7.0)":
    - "MaterialComponents/HeaderStackView+Extensions/ColorThemer (= 54.7.0)"
  - "MaterialComponents/HeaderStackView+Extensions/ColorThemer (54.7.0)":
    - MaterialComponents/HeaderStackView
    - MaterialComponents/Themes
  - MaterialComponents/Ink (54.7.0):
    - MaterialComponents/private/Math
  - "MaterialComponents/Ink+Extensions (54.7.0)":
    - "MaterialComponents/Ink+Extensions/ColorThemer (= 54.7.0)"
  - "MaterialComponents/Ink+Extensions/ColorThemer (54.7.0)":
    - MaterialComponents/Ink
    - MaterialComponents/Themes
  - MaterialComponents/LibraryInfo (54.7.0)
  - MaterialComponents/MaskedTransition (54.7.0):
    - MotionAnimator (~> 2.0)
    - MotionInterchange (~> 1.0)
    - MotionTransitioning (~> 5.0)
  - MaterialComponents/NavigationBar (54.7.0):
    - MaterialComponents/ButtonBar
    - MaterialComponents/private/Math
    - MaterialComponents/Typography
    - MDFInternationalization
    - MDFTextAccessibility
  - "MaterialComponents/NavigationBar+Extensions (54.7.0)":
    - "MaterialComponents/NavigationBar+Extensions/ColorThemer (= 54.7.0)"
    - "MaterialComponents/NavigationBar+Extensions/TypographyThemer (= 54.7.0)"
  - "MaterialComponents/NavigationBar+Extensions/ColorThemer (54.7.0)":
    - MaterialComponents/NavigationBar
    - MaterialComponents/schemes/Color
  - "MaterialComponents/NavigationBar+Extensions/TypographyThemer (54.7.0)":
    - MaterialComponents/NavigationBar
    - MaterialComponents/schemes/Typography
  - MaterialComponents/OverlayWindow (54.7.0):
    - MaterialComponents/private/Application
  - MaterialComponents/PageControl (54.7.0)
  - "MaterialComponents/PageControl+Extensions (54.7.0)":
    - "MaterialComponents/PageControl+Extensions/ColorThemer (= 54.7.0)"
  - "MaterialComponents/PageControl+Extensions/ColorThemer (54.7.0)":
    - MaterialComponents/PageControl
    - MaterialComponents/Themes
  - MaterialComponents/Palettes (54.7.0)
  - MaterialComponents/private (54.7.0):
    - MaterialComponents/private/Application (= 54.7.0)
    - MaterialComponents/private/Icons (= 54.7.0)
    - MaterialComponents/private/KeyboardWatcher (= 54.7.0)
    - MaterialComponents/private/Math (= 54.7.0)
    - MaterialComponents/private/Overlay (= 54.7.0)
    - MaterialComponents/private/ShapeLibrary (= 54.7.0)
    - MaterialComponents/private/Shapes (= 54.7.0)
    - MaterialComponents/private/ThumbTrack (= 54.7.0)
    - MaterialComponents/private/UIMetrics (= 54.7.0)
  - MaterialComponents/private/Application (54.7.0)
  - MaterialComponents/private/Icons (54.7.0):
    - MaterialComponents/private/Icons/Base (= 54.7.0)
    - MaterialComponents/private/Icons/ic_arrow_back (= 54.7.0)
    - MaterialComponents/private/Icons/ic_check (= 54.7.0)
    - MaterialComponents/private/Icons/ic_check_circle (= 54.7.0)
    - MaterialComponents/private/Icons/ic_chevron_right (= 54.7.0)
    - MaterialComponents/private/Icons/ic_info (= 54.7.0)
    - MaterialComponents/private/Icons/ic_radio_button_unchecked (= 54.7.0)
    - MaterialComponents/private/Icons/ic_reorder (= 54.7.0)
  - MaterialComponents/private/Icons/Base (54.7.0)
  - MaterialComponents/private/Icons/ic_arrow_back (54.7.0):
    - MaterialComponents/private/Icons/Base
  - MaterialComponents/private/Icons/ic_check (54.7.0):
    - MaterialComponents/private/Icons/Base
  - MaterialComponents/private/Icons/ic_check_circle (54.7.0):
    - MaterialComponents/private/Icons/Base
  - MaterialComponents/private/Icons/ic_chevron_right (54.7.0):
    - MaterialComponents/private/Icons/Base
  - MaterialComponents/private/Icons/ic_info (54.7.0):
    - MaterialComponents/private/Icons/Base
  - MaterialComponents/private/Icons/ic_radio_button_unchecked (54.7.0):
    - MaterialComponents/private/Icons/Base
  - MaterialComponents/private/Icons/ic_reorder (54.7.0):
    - MaterialComponents/private/Icons/Base
  - MaterialComponents/private/KeyboardWatcher (54.7.0):
    - MaterialComponents/private/Application
  - MaterialComponents/private/Math (54.7.0)
  - MaterialComponents/private/Overlay (54.7.0)
  - MaterialComponents/private/ShapeLibrary (54.7.0):
    - MaterialComponents/private/Math
    - MaterialComponents/private/Shapes
  - MaterialComponents/private/Shapes (54.7.0):
    - MaterialComponents/private/Math
    - MaterialComponents/ShadowLayer
  - MaterialComponents/private/ThumbTrack (54.7.0):
    - MaterialComponents/Ink
    - MaterialComponents/private/Math
    - MaterialComponents/ShadowElevations
    - MaterialComponents/ShadowLayer
    - MaterialComponents/Typography
    - MDFInternationalization
  - MaterialComponents/private/UIMetrics (54.7.0):
    - MaterialComponents/private/Application
  - MaterialComponents/ProgressView (54.7.0):
    - MaterialComponents/Palettes
    - MaterialComponents/private/Math
    - MDFInternationalization
    - MotionAnimator (~> 2.1)
  - "MaterialComponents/ProgressView+Extensions (54.7.0)":
    - "MaterialComponents/ProgressView+Extensions/ColorThemer (= 54.7.0)"
  - "MaterialComponents/ProgressView+Extensions/ColorThemer (54.7.0)":
    - MaterialComponents/ProgressView
    - MaterialComponents/Themes
  - MaterialComponents/schemes (54.7.0):
    - MaterialComponents/schemes/Color (= 54.7.0)
    - MaterialComponents/schemes/Typography (= 54.7.0)
  - MaterialComponents/schemes/Color (54.7.0)
  - MaterialComponents/schemes/Typography (54.7.0)
  - MaterialComponents/ShadowElevations (54.7.0)
  - MaterialComponents/ShadowLayer (54.7.0):
    - MaterialComponents/ShadowElevations
  - MaterialComponents/Slider (54.7.0):
    - MaterialComponents/Palettes
    - MaterialComponents/private/ThumbTrack
    - MaterialComponents/ShadowElevations
  - "MaterialComponents/Slider+Extensions (54.7.0)":
    - "MaterialComponents/Slider+Extensions/ColorThemer (= 54.7.0)"
  - "MaterialComponents/Slider+Extensions/ColorThemer (54.7.0)":
    - MaterialComponents/Palettes
    - MaterialComponents/Slider
    - MaterialComponents/Themes
  - MaterialComponents/Snackbar (54.7.0):
    - MaterialComponents/AnimationTiming
    - MaterialComponents/Buttons
    - MaterialComponents/OverlayWindow
    - MaterialComponents/private/Application
    - MaterialComponents/private/KeyboardWatcher
    - MaterialComponents/private/Overlay
    - MaterialComponents/Typography
  - "MaterialComponents/Snackbar+Extensions (54.7.0)":
    - "MaterialComponents/Snackbar+Extensions/ColorThemer (= 54.7.0)"
    - "MaterialComponents/Snackbar+Extensions/FontThemer (= 54.7.0)"
    - "MaterialComponents/Snackbar+Extensions/TypographyThemer (= 54.7.0)"
  - "MaterialComponents/Snackbar+Extensions/ColorThemer (54.7.0)":
    - MaterialComponents/schemes/Color
    - MaterialComponents/Snackbar
  - "MaterialComponents/Snackbar+Extensions/FontThemer (54.7.0)":
    - MaterialComponents/Snackbar
    - MaterialComponents/Themes
  - "MaterialComponents/Snackbar+Extensions/TypographyThemer (54.7.0)":
    - MaterialComponents/schemes/Typography
    - MaterialComponents/Snackbar
  - MaterialComponents/Tabs (54.7.0):
    - MaterialComponents/AnimationTiming
    - MaterialComponents/Ink
    - MaterialComponents/private/Math
    - MaterialComponents/ShadowElevations
    - MaterialComponents/ShadowLayer
    - MaterialComponents/Typography
    - MDFInternationalization
  - "MaterialComponents/Tabs+Extensions (54.7.0)":
    - "MaterialComponents/Tabs+Extensions/ColorThemer (= 54.7.0)"
    - "MaterialComponents/Tabs+Extensions/FontThemer (= 54.7.0)"
    - "MaterialComponents/Tabs+Extensions/TypographyThemer (= 54.7.0)"
  - "MaterialComponents/Tabs+Extensions/ColorThemer (54.7.0)":
    - MaterialComponents/Tabs
    - MaterialComponents/Themes
  - "MaterialComponents/Tabs+Extensions/FontThemer (54.7.0)":
    - MaterialComponents/Tabs
    - MaterialComponents/Themes
  - "MaterialComponents/Tabs+Extensions/TypographyThemer (54.7.0)":
    - MaterialComponents/schemes/Typography
    - MaterialComponents/Tabs
  - MaterialComponents/TextFields (54.7.0):
    - MaterialComponents/AnimationTiming
    - MaterialComponents/Palettes
    - MaterialComponents/private/Math
    - MaterialComponents/Typography
    - MDFInternationalization
  - "MaterialComponents/TextFields+Extensions (54.7.0)":
    - "MaterialComponents/TextFields+Extensions/ColorThemer (= 54.7.0)"
    - "MaterialComponents/TextFields+Extensions/FontThemer (= 54.7.0)"
    - "MaterialComponents/TextFields+Extensions/TypographyThemer (= 54.7.0)"
  - "MaterialComponents/TextFields+Extensions/ColorThemer (54.7.0)":
    - MaterialComponents/TextFields
    - MaterialComponents/Themes
  - "MaterialComponents/TextFields+Extensions/FontThemer (54.7.0)":
    - MaterialComponents/TextFields
    - MaterialComponents/Themes
  - "MaterialComponents/TextFields+Extensions/TypographyThemer (54.7.0)":
    - MaterialComponents/schemes/Typography
    - MaterialComponents/TextFields
  - MaterialComponents/Themes (54.7.0):
    - MaterialComponents/schemes/Color
    - MaterialComponents/schemes/Typography
  - MaterialComponents/Typography (54.7.0):
    - MaterialComponents/private/Application
  - MDFInternationalization (1.0.4)
  - MDFTextAccessibility (1.2.0)
  - MotionAnimator (2.8.1):
    - MotionInterchange (~> 1.6)
  - MotionInterchange (1.6.0)
  - MotionTransitioning (5.0.0)
  - nanopb (0.3.8):
    - nanopb/decode (= 0.3.8)
    - nanopb/encode (= 0.3.8)
  - nanopb/decode (0.3.8)
  - nanopb/encode (0.3.8)
  - QRCode (2.0)
  - QRCodeReader.swift (8.1.1)
  - RippleEffectView (1.0.2)
  - SwiftyJSON (4.0.0)

DEPENDENCIES:
  - Alamofire (~> 4.7)
  - Alamofire-Synchronous (~> 4.0)
  - Firebase/Core
  - Firebase/Database
  - Floaty (~> 3.0.0)
  - MaterialComponents
  - QRCode (~> 2.0)
  - QRCodeReader.swift (~> 8.1.1)
  - RippleEffectView
  - SwiftyJSON (~> 4.0)

SPEC REPOS:
  https://github.com/CocoaPods/Specs.git:
    - Alamofire
    - Alamofire-Synchronous
    - Firebase
    - FirebaseAnalytics
    - FirebaseCore
    - FirebaseDatabase
    - FirebaseInstanceID
    - Floaty
    - GoogleToolboxForMac
    - leveldb-library
    - MaterialComponents
    - MDFInternationalization
    - MDFTextAccessibility
    - MotionAnimator
    - MotionInterchange
    - MotionTransitioning
    - nanopb
    - QRCode
    - QRCodeReader.swift
    - RippleEffectView
    - SwiftyJSON

SPEC CHECKSUMS:
  Alamofire: e4fa87002c137ba2d8d634d2c51fabcda0d5c223
  Alamofire-Synchronous: eedf1e6e961c3795a63c74990b3f7d9fbfac7e50
  Firebase: 5ec5e863d269d82d66b4bf56856726f8fb8f0fb3
  FirebaseAnalytics: 7ef69e76a5142f643aeb47c780e1cdce4e23632e
  FirebaseCore: 90cb1c53d69b556f112a1bf72b5fcfaad7650790
  FirebaseDatabase: 5f0bc6134c5c237cf55f9e1249d406770a75eafd
  FirebaseInstanceID: 8d20d890d65c917f9f7d9950b6e10a760ad34321
  Floaty: bb7a353deee9ddcc14c584ca9c538efdc19669f2
  GoogleToolboxForMac: 2501e2ad72a52eb3dfe7bd9aee7dad11b858bd20
  leveldb-library: 08cba283675b7ed2d99629a4bc5fd052cd2bb6a5
  MaterialComponents: 4de1b70557a135c39a9901d2db4ae32600b735f1
  MDFInternationalization: e355b0cebecf53d60233bd267084e49366c82513
  MDFTextAccessibility: 94098925e0853551c5a311ce7c1ecefbe297cdb6
  MotionAnimator: ee16aa30567c5bae0fb2750c132915829cfaaf8a
  MotionInterchange: ead0e3ae1f3a5fb539e289debbc7ae036160a10d
  MotionTransitioning: 23d25edc2f4606efb922403cbac6d81af37aa33a
  nanopb: 5601e6bca2dbf1ed831b519092ec110f66982ca3
  QRCode: f98a1886c8f37523704a7512a4c0cd45b34c18a4
  QRCodeReader.swift: b164a681887de276d405ff02bce854d82cd6360b
  RippleEffectView: c9fee7ac56e59dcf8920bc8f651683b129bd87a4
  SwiftyJSON: 070dabdcb1beb81b247c65ffa3a79dbbfb3b48aa

PODFILE CHECKSUM: 65aa14587290c0721b03b322a125e84c5efeef0b

COCOAPODS: 1.5.0
